<?xml version="1.0" encoding="utf-8"?>
<Project ToolsVersion="4.0" xmlns="http://schemas.microsoft.com/developer/msbuild/2003">
  <ItemGroup>
    <ClCompile Include="PCH.cpp" />
    <ClCompile Include="ThreadPool.cpp" />
    <ClCompile Include="Main.cpp" />
    <ClCompile Include="Packer.cpp" />
    <ClCompile Include="Config.cpp" />
    <ClCompile Include="BVH.cpp" />
    <ClCompile Include="Logger.cpp" />
    <ClCompile Include="File.cpp" />
    <ClCompile Include="Set.cpp" />
  </ItemGroup>
  <ItemGroup>
    <ClInclude Include="Test.hpp" />
    <ClInclude Include="PCH.hpp" />
  </ItemGroup>
</Project>