
Microsoft Visual Studio Solution File, Format Version 12.00
# Visual Studio Version 16
VisualStudioVersion = 16.0.29230.47
MinimumVisualStudioVersion = 10.0.40219.1
Project("{2150E333-8FDC-42A3-9474-1A3956D46DE8}") = "Engine", "Engine", "{A160B4A7-4E09-4DB6-8EF9-D2E015E20AEE}"
EndProject
Project("{8BC9CEB8-8B4A-11D0-8D11-00A0C91BC942}") = "Common", "Src\Engine\Common\Common.vcxproj", "{3561E54D-E8B0-4C0E-AB84-0E636A5FE43A}"
EndProject
Project("{8BC9CEB8-8B4A-11D0-8D11-00A0C91BC942}") = "Core", "Src\Engine\Core\Core.vcxproj", "{C9DA778F-C44E-46F3-8F03-E98B05F7A87D}"
	ProjectSection(ProjectDependencies) = postProject
		{3561E54D-E8B0-4C0E-AB84-0E636A5FE43A} = {3561E54D-E8B0-4C0E-AB84-0E636A5FE43A}
	EndProjectSection
EndProject
Project("{8BC9CEB8-8B4A-11D0-8D11-00A0C91BC942}") = "EngineDemo", "Src\Apps\EngineDemo\EngineDemo.vcxproj", "{7A8D6FAC-3418-4A88-AD37-B72D35921AE2}"
	ProjectSection(ProjectDependencies) = postProject
		{3561E54D-E8B0-4C0E-AB84-0E636A5FE43A} = {3561E54D-E8B0-4C0E-AB84-0E636A5FE43A}
		{C9DA778F-C44E-46F3-8F03-E98B05F7A87D} = {C9DA778F-C44E-46F3-8F03-E98B05F7A87D}
	EndProjectSection
EndProject
Project("{8BC9CEB8-8B4A-11D0-8D11-00A0C91BC942}") = "CommonTest", "Src\Tests\CommonTest\CommonTest.vcxproj", "{1EEE1F90-5261-43E9-A133-FFBCD7DA4077}"
	ProjectSection(ProjectDependencies) = postProject
		{3561E54D-E8B0-4C0E-AB84-0E636A5FE43A} = {3561E54D-E8B0-4C0E-AB84-0E636A5FE43A}
	EndProjectSection
EndProject
Project("{2150E333-8FDC-42A3-9474-1A3956D46DE8}") = "Renderers", "Renderers", "{265F0BFF-E485-46E3-9213-D339828982B3}"
EndProject
Project("{2150E333-8FDC-42A3-9474-1A3956D46DE8}") = "RendererInterface", "RendererInterface", "{35D637D1-D523-48E5-8AE7-77435A736666}"
	ProjectSection(SolutionItems) = preProject
		Src\Engine\Renderers\Interface\Backbuffer.hpp = Src\Engine\Renderers\Interface\Backbuffer.hpp
		Src\Engine\Renderers\Interface\Buffer.hpp = Src\Engine\Renderers\Interface\Buffer.hpp
		Src\Engine\Renderers\Interface\CommandRecorder.hpp = Src\Engine\Renderers\Interface\CommandRecorder.hpp
		Src\Engine\Renderers\Interface\ComputePipelineState.hpp = Src\Engine\Renderers\Interface\ComputePipelineState.hpp
		Src\Engine\Renderers\Interface\Device.hpp = Src\Engine\Renderers\Interface\Device.hpp
		Src\Engine\Renderers\Interface\PipelineState.hpp = Src\Engine\Renderers\Interface\PipelineState.hpp
		Src\Engine\Renderers\Interface\RenderTarget.hpp = Src\Engine\Renderers\Interface\RenderTarget.hpp
		Src\Engine\Renderers\Interface\ResourceBinding.hpp = Src\Engine\Renderers\Interface\ResourceBinding.hpp
		Src\Engine\Renderers\Interface\Shader.hpp = Src\Engine\Renderers\Interface\Shader.hpp
		Src\Engine\Renderers\Interface\Texture.hpp = Src\Engine\Renderers\Interface\Texture.hpp
		Src\Engine\Renderers\Interface\Types.hpp = Src\Engine\Renderers\Interface\Types.hpp
		Src\Engine\Renderers\Interface\VertexLayout.hpp = Src\Engine\Renderers\Interface\VertexLayout.hpp
	EndProjectSection
EndProject
Project("{8BC9CEB8-8B4A-11D0-8D11-00A0C91BC942}") = "RendererDemo", "Src\Apps\RendererDemo\RendererDemo.vcxproj", "{EEFC1232-FD3F-429B-B24A-2A37D808A9C5}"
	ProjectSection(ProjectDependencies) = postProject
		{3561E54D-E8B0-4C0E-AB84-0E636A5FE43A} = {3561E54D-E8B0-4C0E-AB84-0E636A5FE43A}
		{1A1154B8-E09A-472F-A0F0-20F530741587} = {1A1154B8-E09A-472F-A0F0-20F530741587}
		{49AB8AC7-1834-4AF8-9792-59313C71C7E0} = {49AB8AC7-1834-4AF8-9792-59313C71C7E0}
	EndProjectSection
EndProject
Project("{8BC9CEB8-8B4A-11D0-8D11-00A0C91BC942}") = "RendererTest", "Src\Tests\RendererTest\RendererTest.vcxproj", "{36597B67-26C3-4ADB-B0A5-E08D30AA4319}"
	ProjectSection(ProjectDependencies) = postProject
		{1A1154B8-E09A-472F-A0F0-20F530741587} = {1A1154B8-E09A-472F-A0F0-20F530741587}
		{49AB8AC7-1834-4AF8-9792-59313C71C7E0} = {49AB8AC7-1834-4AF8-9792-59313C71C7E0}
	EndProjectSection
EndProject
Project("{8BC9CEB8-8B4A-11D0-8D11-00A0C91BC942}") = "CommonPerfTest", "Src\Tests\CommonPerfTest\CommonPerfTest.vcxproj", "{28D2531F-9FEE-4848-B101-B8EB10858371}"
	ProjectSection(ProjectDependencies) = postProject
		{3561E54D-E8B0-4C0E-AB84-0E636A5FE43A} = {3561E54D-E8B0-4C0E-AB84-0E636A5FE43A}
	EndProjectSection
EndProject
Project("{2150E333-8FDC-42A3-9474-1A3956D46DE8}") = "Shaders", "Shaders", "{B19B4C10-EB4D-4782-8933-120A35AC259D}"
EndProject
Project("{8BC9CEB8-8B4A-11D0-8D11-00A0C91BC942}") = "RendererD3D12", "Src\Engine\Renderers\RendererD3D12\RendererD3D12.vcxproj", "{49AB8AC7-1834-4AF8-9792-59313C71C7E0}"
	ProjectSection(ProjectDependencies) = postProject
		{3561E54D-E8B0-4C0E-AB84-0E636A5FE43A} = {3561E54D-E8B0-4C0E-AB84-0E636A5FE43A}
	EndProjectSection
EndProject
Project("{8BC9CEB8-8B4A-11D0-8D11-00A0C91BC942}") = "RendererVk", "Src\Engine\Renderers\RendererVk\RendererVk.vcxproj", "{1A1154B8-E09A-472F-A0F0-20F530741587}"
	ProjectSection(ProjectDependencies) = postProject
		{3561E54D-E8B0-4C0E-AB84-0E636A5FE43A} = {3561E54D-E8B0-4C0E-AB84-0E636A5FE43A}
	EndProjectSection
EndProject
Project("{2150E333-8FDC-42A3-9474-1A3956D46DE8}") = "HLSL5", "HLSL5", "{9BA96BF9-A3AC-4B9D-911A-46C0FE261983}"
	ProjectSection(SolutionItems) = preProject
		Src\Shaders\HLSL5\AmbientLightPS.hlsl = Src\Shaders\HLSL5\AmbientLightPS.hlsl
		Src\Shaders\HLSL5\Common.hlsl = Src\Shaders\HLSL5\Common.hlsl
		Src\Shaders\HLSL5\DebugPS.hlsl = Src\Shaders\HLSL5\DebugPS.hlsl
		Src\Shaders\HLSL5\DebugVS.hlsl = Src\Shaders\HLSL5\DebugVS.hlsl
		Src\Shaders\HLSL5\FullScreenQuadVS.hlsl = Src\Shaders\HLSL5\FullScreenQuadVS.hlsl
		Src\Shaders\HLSL5\GeometryPassPS.hlsl = Src\Shaders\HLSL5\GeometryPassPS.hlsl
		Src\Shaders\HLSL5\GeometryPassVS.hlsl = Src\Shaders\HLSL5\GeometryPassVS.hlsl
		Src\Shaders\HLSL5\GuiCommon.hlsl = Src\Shaders\HLSL5\GuiCommon.hlsl
		Src\Shaders\HLSL5\GuiGS.hlsl = Src\Shaders\HLSL5\GuiGS.hlsl
		Src\Shaders\HLSL5\GuiPS.hlsl = Src\Shaders\HLSL5\GuiPS.hlsl
		Src\Shaders\HLSL5\GuiVS.hlsl = Src\Shaders\HLSL5\GuiVS.hlsl
		Src\Shaders\HLSL5\ImGuiPS.hlsl = Src\Shaders\HLSL5\ImGuiPS.hlsl
		Src\Shaders\HLSL5\ImGuiVS.hlsl = Src\Shaders\HLSL5\ImGuiVS.hlsl
		Src\Shaders\HLSL5\LightCommon.hlsl = Src\Shaders\HLSL5\LightCommon.hlsl
		Src\Shaders\HLSL5\OmniLightCommon.hlsl = Src\Shaders\HLSL5\OmniLightCommon.hlsl
		Src\Shaders\HLSL5\OmniLightPS.hlsl = Src\Shaders\HLSL5\OmniLightPS.hlsl
		Src\Shaders\HLSL5\OmniLightVS.hlsl = Src\Shaders\HLSL5\OmniLightVS.hlsl
		Src\Shaders\HLSL5\ShadowCommon.hlsl = Src\Shaders\HLSL5\ShadowCommon.hlsl
		Src\Shaders\HLSL5\ShadowPS.hlsl = Src\Shaders\HLSL5\ShadowPS.hlsl
		Src\Shaders\HLSL5\ShadowVS.hlsl = Src\Shaders\HLSL5\ShadowVS.hlsl
		Src\Shaders\HLSL5\SpotLightCommon.hlsl = Src\Shaders\HLSL5\SpotLightCommon.hlsl
		Src\Shaders\HLSL5\SpotLightPS.hlsl = Src\Shaders\HLSL5\SpotLightPS.hlsl
		Src\Shaders\HLSL5\SpotLightVS.hlsl = Src\Shaders\HLSL5\SpotLightVS.hlsl
		Src\Shaders\HLSL5\TonemappingPS.hlsl = Src\Shaders\HLSL5\TonemappingPS.hlsl
	EndProjectSection
EndProject
Project("{2150E333-8FDC-42A3-9474-1A3956D46DE8}") = "Natvis", "Natvis", "{24032EB4-D975-4601-AA55-4D0ABE656011}"
	ProjectSection(SolutionItems) = preProject
		Src\Engine\Common\Containers\Containers.natvis = Src\Engine\Common\Containers\Containers.natvis
		Src\Engine\Common\Math\Math.natvis = Src\Engine\Common\Math\Math.natvis
	EndProjectSection
EndProject
Project("{2150E333-8FDC-42A3-9474-1A3956D46DE8}") = "Scripts", "Scripts", "{B5DA450B-3EEA-4E41-80D7-7987A9397F8D}"
	ProjectSection(SolutionItems) = preProject
		Scripts\build.sh = Scripts\build.sh
		Scripts\clean.bat = Scripts\clean.bat
		Scripts\clean.sh = Scripts\clean.sh
		Scripts\clean_errors.txt = Scripts\clean_errors.txt
		Scripts\color.py = Scripts\color.py
		Scripts\color.pyc = Scripts\color.pyc
		Scripts\copy_deps.bat = Scripts\copy_deps.bat
		Scripts\copy_deps.sh = Scripts\copy_deps.sh
		Scripts\cppcheck.bat = Scripts\cppcheck.bat
		Scripts\cppcheck.sh = Scripts\cppcheck.sh
		Scripts\doxygen.cfg = Scripts\doxygen.cfg
		Scripts\gen_doc.bat = Scripts\gen_doc.bat
		Scripts\gen_doc.sh = Scripts\gen_doc.sh
		Scripts\pre-commit.bat = Scripts\pre-commit.bat
		Scripts\pre-commit.sh = Scripts\pre-commit.sh
		Scripts\rebuild-all.sh = Scripts\rebuild-all.sh
		Scripts\syncher.py = Scripts\syncher.py
		Scripts\tests.py = Scripts\tests.py
		Scripts\xmlParser.py = Scripts\xmlParser.py
		Scripts\xmlParser.pyc = Scripts\xmlParser.pyc
	EndProjectSection
EndProject
Project("{8BC9CEB8-8B4A-11D0-8D11-00A0C91BC942}") = "Raytracer", "Src\Engine\Raytracer\Raytracer.vcxproj", "{3C8B7001-E7F9-49E7-B49A-B766D5D7FC8D}"
	ProjectSection(ProjectDependencies) = postProject
		{3561E54D-E8B0-4C0E-AB84-0E636A5FE43A} = {3561E54D-E8B0-4C0E-AB84-0E636A5FE43A}
	EndProjectSection
EndProject
Project("{8BC9CEB8-8B4A-11D0-8D11-00A0C91BC942}") = "RaytracerDemo", "Src\Apps\RaytracerDemo\RaytracerDemo.vcxproj", "{8AE4CB99-BC63-4282-BC29-5888458F3FB6}"
	ProjectSection(ProjectDependencies) = postProject
		{3C8B7001-E7F9-49E7-B49A-B766D5D7FC8D} = {3C8B7001-E7F9-49E7-B49A-B766D5D7FC8D}
	EndProjectSection
EndProject
Project("{2150E333-8FDC-42A3-9474-1A3956D46DE8}") = "Tests", "Tests", "{05C646B1-6ED2-4950-9A99-B2A791E2D8C8}"
EndProject
Project("{2150E333-8FDC-42A3-9474-1A3956D46DE8}") = "Apps", "Apps", "{87F5059E-D5F9-4F86-87A4-92AF37DA848C}"
EndProject
Global
	GlobalSection(SolutionConfigurationPlatforms) = preSolution
		Debug|Mixed Platforms = Debug|Mixed Platforms
		Debug|Win32 = Debug|Win32
		Debug|x64 = Debug|x64
		Final|Mixed Platforms = Final|Mixed Platforms
		Final|Win32 = Final|Win32
		Final|x64 = Final|x64
		Release|Mixed Platforms = Release|Mixed Platforms
		Release|Win32 = Release|Win32
		Release|x64 = Release|x64
	EndGlobalSection
	GlobalSection(ProjectConfigurationPlatforms) = postSolution
		{3561E54D-E8B0-4C0E-AB84-0E636A5FE43A}.Debug|Mixed Platforms.ActiveCfg = Debug|Win32
		{3561E54D-E8B0-4C0E-AB84-0E636A5FE43A}.Debug|Mixed Platforms.Build.0 = Debug|Win32
		{3561E54D-E8B0-4C0E-AB84-0E636A5FE43A}.Debug|Win32.ActiveCfg = Debug|Win32
		{3561E54D-E8B0-4C0E-AB84-0E636A5FE43A}.Debug|Win32.Build.0 = Debug|Win32
		{3561E54D-E8B0-4C0E-AB84-0E636A5FE43A}.Debug|x64.ActiveCfg = Debug|x64
		{3561E54D-E8B0-4C0E-AB84-0E636A5FE43A}.Debug|x64.Build.0 = Debug|x64
		{3561E54D-E8B0-4C0E-AB84-0E636A5FE43A}.Final|Mixed Platforms.ActiveCfg = Release|Win32
		{3561E54D-E8B0-4C0E-AB84-0E636A5FE43A}.Final|Mixed Platforms.Build.0 = Release|Win32
		{3561E54D-E8B0-4C0E-AB84-0E636A5FE43A}.Final|Win32.ActiveCfg = Release|Win32
		{3561E54D-E8B0-4C0E-AB84-0E636A5FE43A}.Final|Win32.Build.0 = Release|Win32
		{3561E54D-E8B0-4C0E-AB84-0E636A5FE43A}.Final|x64.ActiveCfg = Release|x64
		{3561E54D-E8B0-4C0E-AB84-0E636A5FE43A}.Final|x64.Build.0 = Release|x64
		{3561E54D-E8B0-4C0E-AB84-0E636A5FE43A}.Release|Mixed Platforms.ActiveCfg = Release|Win32
		{3561E54D-E8B0-4C0E-AB84-0E636A5FE43A}.Release|Mixed Platforms.Build.0 = Release|Win32
		{3561E54D-E8B0-4C0E-AB84-0E636A5FE43A}.Release|Win32.ActiveCfg = Release|Win32
		{3561E54D-E8B0-4C0E-AB84-0E636A5FE43A}.Release|Win32.Build.0 = Release|Win32
		{3561E54D-E8B0-4C0E-AB84-0E636A5FE43A}.Release|x64.ActiveCfg = Release|x64
		{3561E54D-E8B0-4C0E-AB84-0E636A5FE43A}.Release|x64.Build.0 = Release|x64
		{C9DA778F-C44E-46F3-8F03-E98B05F7A87D}.Debug|Mixed Platforms.ActiveCfg = Debug|Win32
		{C9DA778F-C44E-46F3-8F03-E98B05F7A87D}.Debug|Mixed Platforms.Build.0 = Debug|Win32
		{C9DA778F-C44E-46F3-8F03-E98B05F7A87D}.Debug|Win32.ActiveCfg = Debug|Win32
		{C9DA778F-C44E-46F3-8F03-E98B05F7A87D}.Debug|Win32.Build.0 = Debug|Win32
		{C9DA778F-C44E-46F3-8F03-E98B05F7A87D}.Debug|x64.ActiveCfg = Debug|x64
		{C9DA778F-C44E-46F3-8F03-E98B05F7A87D}.Debug|x64.Build.0 = Debug|x64
		{C9DA778F-C44E-46F3-8F03-E98B05F7A87D}.Final|Mixed Platforms.ActiveCfg = Release|Win32
		{C9DA778F-C44E-46F3-8F03-E98B05F7A87D}.Final|Mixed Platforms.Build.0 = Release|Win32
		{C9DA778F-C44E-46F3-8F03-E98B05F7A87D}.Final|Win32.ActiveCfg = Release|Win32
		{C9DA778F-C44E-46F3-8F03-E98B05F7A87D}.Final|Win32.Build.0 = Release|Win32
		{C9DA778F-C44E-46F3-8F03-E98B05F7A87D}.Final|x64.ActiveCfg = Release|x64
		{C9DA778F-C44E-46F3-8F03-E98B05F7A87D}.Final|x64.Build.0 = Release|x64
		{C9DA778F-C44E-46F3-8F03-E98B05F7A87D}.Release|Mixed Platforms.ActiveCfg = Release|Win32
		{C9DA778F-C44E-46F3-8F03-E98B05F7A87D}.Release|Mixed Platforms.Build.0 = Release|Win32
		{C9DA778F-C44E-46F3-8F03-E98B05F7A87D}.Release|Win32.ActiveCfg = Release|Win32
		{C9DA778F-C44E-46F3-8F03-E98B05F7A87D}.Release|Win32.Build.0 = Release|Win32
		{C9DA778F-C44E-46F3-8F03-E98B05F7A87D}.Release|x64.ActiveCfg = Release|x64
		{C9DA778F-C44E-46F3-8F03-E98B05F7A87D}.Release|x64.Build.0 = Release|x64
		{7A8D6FAC-3418-4A88-AD37-B72D35921AE2}.Debug|Mixed Platforms.ActiveCfg = Debug|Win32
		{7A8D6FAC-3418-4A88-AD37-B72D35921AE2}.Debug|Mixed Platforms.Build.0 = Debug|Win32
		{7A8D6FAC-3418-4A88-AD37-B72D35921AE2}.Debug|Win32.ActiveCfg = Debug|Win32
		{7A8D6FAC-3418-4A88-AD37-B72D35921AE2}.Debug|Win32.Build.0 = Debug|Win32
		{7A8D6FAC-3418-4A88-AD37-B72D35921AE2}.Debug|x64.ActiveCfg = Debug|x64
		{7A8D6FAC-3418-4A88-AD37-B72D35921AE2}.Debug|x64.Build.0 = Debug|x64
		{7A8D6FAC-3418-4A88-AD37-B72D35921AE2}.Final|Mixed Platforms.ActiveCfg = Release|Win32
		{7A8D6FAC-3418-4A88-AD37-B72D35921AE2}.Final|Mixed Platforms.Build.0 = Release|Win32
		{7A8D6FAC-3418-4A88-AD37-B72D35921AE2}.Final|Win32.ActiveCfg = Release|Win32
		{7A8D6FAC-3418-4A88-AD37-B72D35921AE2}.Final|Win32.Build.0 = Release|Win32
		{7A8D6FAC-3418-4A88-AD37-B72D35921AE2}.Final|x64.ActiveCfg = Release|x64
		{7A8D6FAC-3418-4A88-AD37-B72D35921AE2}.Final|x64.Build.0 = Release|x64
		{7A8D6FAC-3418-4A88-AD37-B72D35921AE2}.Release|Mixed Platforms.ActiveCfg = Release|Win32
		{7A8D6FAC-3418-4A88-AD37-B72D35921AE2}.Release|Mixed Platforms.Build.0 = Release|Win32
		{7A8D6FAC-3418-4A88-AD37-B72D35921AE2}.Release|Win32.ActiveCfg = Release|Win32
		{7A8D6FAC-3418-4A88-AD37-B72D35921AE2}.Release|Win32.Build.0 = Release|Win32
		{7A8D6FAC-3418-4A88-AD37-B72D35921AE2}.Release|x64.ActiveCfg = Release|x64
		{7A8D6FAC-3418-4A88-AD37-B72D35921AE2}.Release|x64.Build.0 = Release|x64
		{1EEE1F90-5261-43E9-A133-FFBCD7DA4077}.Debug|Mixed Platforms.ActiveCfg = Debug|Win32
		{1EEE1F90-5261-43E9-A133-FFBCD7DA4077}.Debug|Mixed Platforms.Build.0 = Debug|Win32
		{1EEE1F90-5261-43E9-A133-FFBCD7DA4077}.Debug|Win32.ActiveCfg = Debug|Win32
		{1EEE1F90-5261-43E9-A133-FFBCD7DA4077}.Debug|Win32.Build.0 = Debug|Win32
		{1EEE1F90-5261-43E9-A133-FFBCD7DA4077}.Debug|x64.ActiveCfg = Debug|x64
		{1EEE1F90-5261-43E9-A133-FFBCD7DA4077}.Debug|x64.Build.0 = Debug|x64
		{1EEE1F90-5261-43E9-A133-FFBCD7DA4077}.Final|Mixed Platforms.ActiveCfg = Release|Win32
		{1EEE1F90-5261-43E9-A133-FFBCD7DA4077}.Final|Mixed Platforms.Build.0 = Release|Win32
		{1EEE1F90-5261-43E9-A133-FFBCD7DA4077}.Final|Win32.ActiveCfg = Release|Win32
		{1EEE1F90-5261-43E9-A133-FFBCD7DA4077}.Final|Win32.Build.0 = Release|Win32
		{1EEE1F90-5261-43E9-A133-FFBCD7DA4077}.Final|x64.ActiveCfg = Release|x64
		{1EEE1F90-5261-43E9-A133-FFBCD7DA4077}.Final|x64.Build.0 = Release|x64
		{1EEE1F90-5261-43E9-A133-FFBCD7DA4077}.Release|Mixed Platforms.ActiveCfg = Release|Win32
		{1EEE1F90-5261-43E9-A133-FFBCD7DA4077}.Release|Mixed Platforms.Build.0 = Release|Win32
		{1EEE1F90-5261-43E9-A133-FFBCD7DA4077}.Release|Win32.ActiveCfg = Release|Win32
		{1EEE1F90-5261-43E9-A133-FFBCD7DA4077}.Release|Win32.Build.0 = Release|Win32
		{1EEE1F90-5261-43E9-A133-FFBCD7DA4077}.Release|x64.ActiveCfg = Release|x64
		{1EEE1F90-5261-43E9-A133-FFBCD7DA4077}.Release|x64.Build.0 = Release|x64
		{EEFC1232-FD3F-429B-B24A-2A37D808A9C5}.Debug|Mixed Platforms.ActiveCfg = Debug|Win32
		{EEFC1232-FD3F-429B-B24A-2A37D808A9C5}.Debug|Mixed Platforms.Build.0 = Debug|Win32
		{EEFC1232-FD3F-429B-B24A-2A37D808A9C5}.Debug|Win32.ActiveCfg = Debug|Win32
		{EEFC1232-FD3F-429B-B24A-2A37D808A9C5}.Debug|Win32.Build.0 = Debug|Win32
		{EEFC1232-FD3F-429B-B24A-2A37D808A9C5}.Debug|x64.ActiveCfg = Debug|x64
		{EEFC1232-FD3F-429B-B24A-2A37D808A9C5}.Debug|x64.Build.0 = Debug|x64
		{EEFC1232-FD3F-429B-B24A-2A37D808A9C5}.Final|Mixed Platforms.ActiveCfg = Release|Win32
		{EEFC1232-FD3F-429B-B24A-2A37D808A9C5}.Final|Mixed Platforms.Build.0 = Release|Win32
		{EEFC1232-FD3F-429B-B24A-2A37D808A9C5}.Final|Win32.ActiveCfg = Release|Win32
		{EEFC1232-FD3F-429B-B24A-2A37D808A9C5}.Final|Win32.Build.0 = Release|Win32
		{EEFC1232-FD3F-429B-B24A-2A37D808A9C5}.Final|x64.ActiveCfg = Release|x64
		{EEFC1232-FD3F-429B-B24A-2A37D808A9C5}.Final|x64.Build.0 = Release|x64
		{EEFC1232-FD3F-429B-B24A-2A37D808A9C5}.Release|Mixed Platforms.ActiveCfg = Release|Win32
		{EEFC1232-FD3F-429B-B24A-2A37D808A9C5}.Release|Mixed Platforms.Build.0 = Release|Win32
		{EEFC1232-FD3F-429B-B24A-2A37D808A9C5}.Release|Win32.ActiveCfg = Release|Win32
		{EEFC1232-FD3F-429B-B24A-2A37D808A9C5}.Release|Win32.Build.0 = Release|Win32
		{EEFC1232-FD3F-429B-B24A-2A37D808A9C5}.Release|x64.ActiveCfg = Release|x64
		{EEFC1232-FD3F-429B-B24A-2A37D808A9C5}.Release|x64.Build.0 = Release|x64
		{36597B67-26C3-4ADB-B0A5-E08D30AA4319}.Debug|Mixed Platforms.ActiveCfg = Debug|Win32
		{36597B67-26C3-4ADB-B0A5-E08D30AA4319}.Debug|Mixed Platforms.Build.0 = Debug|Win32
		{36597B67-26C3-4ADB-B0A5-E08D30AA4319}.Debug|Win32.ActiveCfg = Debug|Win32
		{36597B67-26C3-4ADB-B0A5-E08D30AA4319}.Debug|Win32.Build.0 = Debug|Win32
		{36597B67-26C3-4ADB-B0A5-E08D30AA4319}.Debug|x64.ActiveCfg = Debug|x64
		{36597B67-26C3-4ADB-B0A5-E08D30AA4319}.Debug|x64.Build.0 = Debug|x64
		{36597B67-26C3-4ADB-B0A5-E08D30AA4319}.Final|Mixed Platforms.ActiveCfg = Release|Win32
		{36597B67-26C3-4ADB-B0A5-E08D30AA4319}.Final|Mixed Platforms.Build.0 = Release|Win32
		{36597B67-26C3-4ADB-B0A5-E08D30AA4319}.Final|Win32.ActiveCfg = Release|Win32
		{36597B67-26C3-4ADB-B0A5-E08D30AA4319}.Final|Win32.Build.0 = Release|Win32
		{36597B67-26C3-4ADB-B0A5-E08D30AA4319}.Final|x64.ActiveCfg = Release|x64
		{36597B67-26C3-4ADB-B0A5-E08D30AA4319}.Final|x64.Build.0 = Release|x64
		{36597B67-26C3-4ADB-B0A5-E08D30AA4319}.Release|Mixed Platforms.ActiveCfg = Release|Win32
		{36597B67-26C3-4ADB-B0A5-E08D30AA4319}.Release|Mixed Platforms.Build.0 = Release|Win32
		{36597B67-26C3-4ADB-B0A5-E08D30AA4319}.Release|Win32.ActiveCfg = Release|Win32
		{36597B67-26C3-4ADB-B0A5-E08D30AA4319}.Release|Win32.Build.0 = Release|Win32
		{36597B67-26C3-4ADB-B0A5-E08D30AA4319}.Release|x64.ActiveCfg = Release|x64
		{36597B67-26C3-4ADB-B0A5-E08D30AA4319}.Release|x64.Build.0 = Release|x64
		{28D2531F-9FEE-4848-B101-B8EB10858371}.Debug|Mixed Platforms.ActiveCfg = Debug|Win32
		{28D2531F-9FEE-4848-B101-B8EB10858371}.Debug|Mixed Platforms.Build.0 = Debug|Win32
		{28D2531F-9FEE-4848-B101-B8EB10858371}.Debug|Win32.ActiveCfg = Debug|Win32
		{28D2531F-9FEE-4848-B101-B8EB10858371}.Debug|Win32.Build.0 = Debug|Win32
		{28D2531F-9FEE-4848-B101-B8EB10858371}.Debug|x64.ActiveCfg = Debug|x64
		{28D2531F-9FEE-4848-B101-B8EB10858371}.Debug|x64.Build.0 = Debug|x64
		{28D2531F-9FEE-4848-B101-B8EB10858371}.Final|Mixed Platforms.ActiveCfg = Release|Win32
		{28D2531F-9FEE-4848-B101-B8EB10858371}.Final|Mixed Platforms.Build.0 = Release|Win32
		{28D2531F-9FEE-4848-B101-B8EB10858371}.Final|Win32.ActiveCfg = Release|Win32
		{28D2531F-9FEE-4848-B101-B8EB10858371}.Final|Win32.Build.0 = Release|Win32
		{28D2531F-9FEE-4848-B101-B8EB10858371}.Final|x64.ActiveCfg = Release|x64
		{28D2531F-9FEE-4848-B101-B8EB10858371}.Final|x64.Build.0 = Release|x64
		{28D2531F-9FEE-4848-B101-B8EB10858371}.Release|Mixed Platforms.ActiveCfg = Release|Win32
		{28D2531F-9FEE-4848-B101-B8EB10858371}.Release|Mixed Platforms.Build.0 = Release|Win32
		{28D2531F-9FEE-4848-B101-B8EB10858371}.Release|Win32.ActiveCfg = Release|Win32
		{28D2531F-9FEE-4848-B101-B8EB10858371}.Release|Win32.Build.0 = Release|Win32
		{28D2531F-9FEE-4848-B101-B8EB10858371}.Release|x64.ActiveCfg = Release|x64
		{28D2531F-9FEE-4848-B101-B8EB10858371}.Release|x64.Build.0 = Release|x64
		{49AB8AC7-1834-4AF8-9792-59313C71C7E0}.Debug|Mixed Platforms.ActiveCfg = Debug|Win32
		{49AB8AC7-1834-4AF8-9792-59313C71C7E0}.Debug|Mixed Platforms.Build.0 = Debug|Win32
		{49AB8AC7-1834-4AF8-9792-59313C71C7E0}.Debug|Win32.ActiveCfg = Debug|Win32
		{49AB8AC7-1834-4AF8-9792-59313C71C7E0}.Debug|Win32.Build.0 = Debug|Win32
		{49AB8AC7-1834-4AF8-9792-59313C71C7E0}.Debug|x64.ActiveCfg = Debug|x64
		{49AB8AC7-1834-4AF8-9792-59313C71C7E0}.Debug|x64.Build.0 = Debug|x64
		{49AB8AC7-1834-4AF8-9792-59313C71C7E0}.Final|Mixed Platforms.ActiveCfg = Release|Win32
		{49AB8AC7-1834-4AF8-9792-59313C71C7E0}.Final|Mixed Platforms.Build.0 = Release|Win32
		{49AB8AC7-1834-4AF8-9792-59313C71C7E0}.Final|Win32.ActiveCfg = Release|Win32
		{49AB8AC7-1834-4AF8-9792-59313C71C7E0}.Final|Win32.Build.0 = Release|Win32
		{49AB8AC7-1834-4AF8-9792-59313C71C7E0}.Final|x64.ActiveCfg = Release|x64
		{49AB8AC7-1834-4AF8-9792-59313C71C7E0}.Final|x64.Build.0 = Release|x64
		{49AB8AC7-1834-4AF8-9792-59313C71C7E0}.Release|Mixed Platforms.ActiveCfg = Release|Win32
		{49AB8AC7-1834-4AF8-9792-59313C71C7E0}.Release|Mixed Platforms.Build.0 = Release|Win32
		{49AB8AC7-1834-4AF8-9792-59313C71C7E0}.Release|Win32.ActiveCfg = Release|Win32
		{49AB8AC7-1834-4AF8-9792-59313C71C7E0}.Release|Win32.Build.0 = Release|Win32
		{49AB8AC7-1834-4AF8-9792-59313C71C7E0}.Release|x64.ActiveCfg = Release|x64
		{49AB8AC7-1834-4AF8-9792-59313C71C7E0}.Release|x64.Build.0 = Release|x64
		{1A1154B8-E09A-472F-A0F0-20F530741587}.Debug|Mixed Platforms.ActiveCfg = Debug|Win32
		{1A1154B8-E09A-472F-A0F0-20F530741587}.Debug|Mixed Platforms.Build.0 = Debug|Win32
		{1A1154B8-E09A-472F-A0F0-20F530741587}.Debug|Win32.ActiveCfg = Debug|Win32
		{1A1154B8-E09A-472F-A0F0-20F530741587}.Debug|Win32.Build.0 = Debug|Win32
		{1A1154B8-E09A-472F-A0F0-20F530741587}.Debug|x64.ActiveCfg = Debug|x64
		{1A1154B8-E09A-472F-A0F0-20F530741587}.Debug|x64.Build.0 = Debug|x64
		{1A1154B8-E09A-472F-A0F0-20F530741587}.Final|Mixed Platforms.ActiveCfg = Release|Win32
		{1A1154B8-E09A-472F-A0F0-20F530741587}.Final|Mixed Platforms.Build.0 = Release|Win32
		{1A1154B8-E09A-472F-A0F0-20F530741587}.Final|Win32.ActiveCfg = Release|Win32
		{1A1154B8-E09A-472F-A0F0-20F530741587}.Final|Win32.Build.0 = Release|Win32
		{1A1154B8-E09A-472F-A0F0-20F530741587}.Final|x64.ActiveCfg = Release|x64
		{1A1154B8-E09A-472F-A0F0-20F530741587}.Final|x64.Build.0 = Release|x64
		{1A1154B8-E09A-472F-A0F0-20F530741587}.Release|Mixed Platforms.ActiveCfg = Release|Win32
		{1A1154B8-E09A-472F-A0F0-20F530741587}.Release|Mixed Platforms.Build.0 = Release|Win32
		{1A1154B8-E09A-472F-A0F0-20F530741587}.Release|Win32.ActiveCfg = Release|Win32
		{1A1154B8-E09A-472F-A0F0-20F530741587}.Release|Win32.Build.0 = Release|Win32
		{1A1154B8-E09A-472F-A0F0-20F530741587}.Release|x64.ActiveCfg = Release|x64
		{1A1154B8-E09A-472F-A0F0-20F530741587}.Release|x64.Build.0 = Release|x64
		{3C8B7001-E7F9-49E7-B49A-B766D5D7FC8D}.Debug|Mixed Platforms.ActiveCfg = Debug|Win32
		{3C8B7001-E7F9-49E7-B49A-B766D5D7FC8D}.Debug|Mixed Platforms.Build.0 = Debug|Win32
		{3C8B7001-E7F9-49E7-B49A-B766D5D7FC8D}.Debug|Win32.ActiveCfg = Debug|Win32
		{3C8B7001-E7F9-49E7-B49A-B766D5D7FC8D}.Debug|Win32.Build.0 = Debug|Win32
		{3C8B7001-E7F9-49E7-B49A-B766D5D7FC8D}.Debug|x64.ActiveCfg = Debug|x64
		{3C8B7001-E7F9-49E7-B49A-B766D5D7FC8D}.Debug|x64.Build.0 = Debug|x64
		{3C8B7001-E7F9-49E7-B49A-B766D5D7FC8D}.Final|Mixed Platforms.ActiveCfg = Final|Win32
		{3C8B7001-E7F9-49E7-B49A-B766D5D7FC8D}.Final|Mixed Platforms.Build.0 = Final|Win32
		{3C8B7001-E7F9-49E7-B49A-B766D5D7FC8D}.Final|Win32.ActiveCfg = Final|Win32
		{3C8B7001-E7F9-49E7-B49A-B766D5D7FC8D}.Final|Win32.Build.0 = Final|Win32
		{3C8B7001-E7F9-49E7-B49A-B766D5D7FC8D}.Final|x64.ActiveCfg = Final|x64
		{3C8B7001-E7F9-49E7-B49A-B766D5D7FC8D}.Final|x64.Build.0 = Final|x64
		{3C8B7001-E7F9-49E7-B49A-B766D5D7FC8D}.Release|Mixed Platforms.ActiveCfg = Release|Win32
		{3C8B7001-E7F9-49E7-B49A-B766D5D7FC8D}.Release|Mixed Platforms.Build.0 = Release|Win32
		{3C8B7001-E7F9-49E7-B49A-B766D5D7FC8D}.Release|Win32.ActiveCfg = Release|Win32
		{3C8B7001-E7F9-49E7-B49A-B766D5D7FC8D}.Release|Win32.Build.0 = Release|Win32
		{3C8B7001-E7F9-49E7-B49A-B766D5D7FC8D}.Release|x64.ActiveCfg = Release|x64
		{3C8B7001-E7F9-49E7-B49A-B766D5D7FC8D}.Release|x64.Build.0 = Release|x64
		{8AE4CB99-BC63-4282-BC29-5888458F3FB6}.Debug|Mixed Platforms.ActiveCfg = Debug|Win32
		{8AE4CB99-BC63-4282-BC29-5888458F3FB6}.Debug|Mixed Platforms.Build.0 = Debug|Win32
		{8AE4CB99-BC63-4282-BC29-5888458F3FB6}.Debug|Win32.ActiveCfg = Debug|Win32
		{8AE4CB99-BC63-4282-BC29-5888458F3FB6}.Debug|Win32.Build.0 = Debug|Win32
		{8AE4CB99-BC63-4282-BC29-5888458F3FB6}.Debug|x64.ActiveCfg = Debug|x64
		{8AE4CB99-BC63-4282-BC29-5888458F3FB6}.Debug|x64.Build.0 = Debug|x64
		{8AE4CB99-BC63-4282-BC29-5888458F3FB6}.Final|Mixed Platforms.ActiveCfg = Final|Win32
		{8AE4CB99-BC63-4282-BC29-5888458F3FB6}.Final|Mixed Platforms.Build.0 = Final|Win32
		{8AE4CB99-BC63-4282-BC29-5888458F3FB6}.Final|Win32.ActiveCfg = Final|Win32
		{8AE4CB99-BC63-4282-BC29-5888458F3FB6}.Final|Win32.Build.0 = Final|Win32
		{8AE4CB99-BC63-4282-BC29-5888458F3FB6}.Final|x64.ActiveCfg = Final|x64
		{8AE4CB99-BC63-4282-BC29-5888458F3FB6}.Final|x64.Build.0 = Final|x64
		{8AE4CB99-BC63-4282-BC29-5888458F3FB6}.Release|Mixed Platforms.ActiveCfg = Release|Win32
		{8AE4CB99-BC63-4282-BC29-5888458F3FB6}.Release|Mixed Platforms.Build.0 = Release|Win32
		{8AE4CB99-BC63-4282-BC29-5888458F3FB6}.Release|Win32.ActiveCfg = Release|Win32
		{8AE4CB99-BC63-4282-BC29-5888458F3FB6}.Release|Win32.Build.0 = Release|Win32
		{8AE4CB99-BC63-4282-BC29-5888458F3FB6}.Release|x64.ActiveCfg = Release|x64
		{8AE4CB99-BC63-4282-BC29-5888458F3FB6}.Release|x64.Build.0 = Release|x64
	EndGlobalSection
	GlobalSection(SolutionProperties) = preSolution
		HideSolutionNode = FALSE
	EndGlobalSection
	GlobalSection(NestedProjects) = preSolution
		{3561E54D-E8B0-4C0E-AB84-0E636A5FE43A} = {A160B4A7-4E09-4DB6-8EF9-D2E015E20AEE}
		{C9DA778F-C44E-46F3-8F03-E98B05F7A87D} = {A160B4A7-4E09-4DB6-8EF9-D2E015E20AEE}
		{7A8D6FAC-3418-4A88-AD37-B72D35921AE2} = {87F5059E-D5F9-4F86-87A4-92AF37DA848C}
		{1EEE1F90-5261-43E9-A133-FFBCD7DA4077} = {05C646B1-6ED2-4950-9A99-B2A791E2D8C8}
		{265F0BFF-E485-46E3-9213-D339828982B3} = {A160B4A7-4E09-4DB6-8EF9-D2E015E20AEE}
		{35D637D1-D523-48E5-8AE7-77435A736666} = {265F0BFF-E485-46E3-9213-D339828982B3}
		{EEFC1232-FD3F-429B-B24A-2A37D808A9C5} = {87F5059E-D5F9-4F86-87A4-92AF37DA848C}
		{36597B67-26C3-4ADB-B0A5-E08D30AA4319} = {05C646B1-6ED2-4950-9A99-B2A791E2D8C8}
		{28D2531F-9FEE-4848-B101-B8EB10858371} = {05C646B1-6ED2-4950-9A99-B2A791E2D8C8}
		{B19B4C10-EB4D-4782-8933-120A35AC259D} = {A160B4A7-4E09-4DB6-8EF9-D2E015E20AEE}
		{49AB8AC7-1834-4AF8-9792-59313C71C7E0} = {265F0BFF-E485-46E3-9213-D339828982B3}
		{1A1154B8-E09A-472F-A0F0-20F530741587} = {265F0BFF-E485-46E3-9213-D339828982B3}
		{9BA96BF9-A3AC-4B9D-911A-46C0FE261983} = {B19B4C10-EB4D-4782-8933-120A35AC259D}
		{3C8B7001-E7F9-49E7-B49A-B766D5D7FC8D} = {A160B4A7-4E09-4DB6-8EF9-D2E015E20AEE}
		{8AE4CB99-BC63-4282-BC29-5888458F3FB6} = {87F5059E-D5F9-4F86-87A4-92AF37DA848C}
	EndGlobalSection
	GlobalSection(ExtensibilityGlobals) = postSolution
		SolutionGuid = {0DA0ED22-E481-43EF-8228-F75562FD998A}
	EndGlobalSection
EndGlobal
