<?xml version="1.0" encoding="utf-8"?>
<Project ToolsVersion="4.0" xmlns="http://schemas.microsoft.com/developer/msbuild/2003">
  <ItemGroup>
    <ClCompile Include="stdafx.cpp" />
    <ClCompile Include="main.cpp" />
    <ClCompile Include="RendererTest.cpp" />
    <ClCompile Include="Texture2D.cpp">
      <Filter>TestCases</Filter>
    </ClCompile>
  </ItemGroup>
  <ItemGroup>
    <ClInclude Include="stdafx.hpp" />
    <ClInclude Include="RendererTest.hpp" />
  </ItemGroup>
  <ItemGroup>
    <Filter Include="TestCases">
      <UniqueIdentifier>{1f1e2c9d-ce46-4b73-879f-da32a5e2106b}</UniqueIdentifier>
    </Filter>
  </ItemGroup>
</Project>