<?xml version="1.0" encoding="utf-8"?>
<Project ToolsVersion="4.0" xmlns="http://schemas.microsoft.com/developer/msbuild/2003">
  <ItemGroup>
    <ClCompile Include="PCH.cpp" />
    <ClCompile Include="Main.cpp" />
    <ClCompile Include="RendererTest.cpp" />
    <ClCompile Include="Backends.cpp" />
    <ClCompile Include="TestCases\Shader.cpp">
      <Filter>TestCases</Filter>
    </ClCompile>
    <ClCompile Include="TestCases\Texture2D.cpp">
      <Filter>TestCases</Filter>
    </ClCompile>
    <ClCompile Include="TestCases\CommandBuffer.cpp">
      <Filter>TestCases</Filter>
    </ClCompile>
    <ClCompile Include="TestCases\ResourceBinding.cpp">
      <Filter>TestCases</Filter>
    </ClCompile>
    <ClCompile Include="TestCases\Draw.cpp">
      <Filter>TestCases</Filter>
    </ClCompile>
    <ClCompile Include="TestCases\Buffer.cpp">
      <Filter>TestCases</Filter>
    </ClCompile>
  </ItemGroup>
  <ItemGroup>
    <ClInclude Include="PCH.hpp" />
    <ClInclude Include="RendererTest.hpp" />
    <ClInclude Include="Backends.hpp" />
  </ItemGroup>
  <ItemGroup>
    <Filter Include="TestCases">
      <UniqueIdentifier>{1f1e2c9d-ce46-4b73-879f-da32a5e2106b}</UniqueIdentifier>
    </Filter>
    <Filter Include="Shaders">
      <UniqueIdentifier>{db123e41-284b-4ec3-93f7-29078415323c}</UniqueIdentifier>
    </Filter>
    <Filter Include="Shaders\HLSL5">
      <UniqueIdentifier>{3a5c52ac-cb93-4fc2-9c90-bc3b3f6d2c37}</UniqueIdentifier>
    </Filter>
  </ItemGroup>
  <ItemGroup>
    <FxCompile Include="Shaders\HLSL5\Simple.hlsl">
      <Filter>Shaders\HLSL5</Filter>
    </FxCompile>
    <FxCompile Include="Shaders\HLSL5\SimpleDrawPS.hlsl">
      <Filter>Shaders\HLSL5</Filter>
    </FxCompile>
    <FxCompile Include="Shaders\HLSL5\SimpleDrawVS.hlsl">
      <Filter>Shaders\HLSL5</Filter>
    </FxCompile>
  </ItemGroup>
</Project>