<?xml version="1.0" encoding="utf-8"?>
<Project ToolsVersion="4.0" xmlns="http://schemas.microsoft.com/developer/msbuild/2003">
  <ItemGroup>
    <Filter Include="Source Files">
      <UniqueIdentifier>{4FC737F1-C7A5-4376-A066-2A32D752A2FF}</UniqueIdentifier>
      <Extensions>cpp;c;cc;cxx;def;odl;idl;hpj;bat;asm;asmx</Extensions>
    </Filter>
    <Filter Include="Header Files">
      <UniqueIdentifier>{93995380-89BD-4b04-88EB-625FBE52EBFB}</UniqueIdentifier>
      <Extensions>h;hh;hpp;hxx;hm;inl;inc;xsd</Extensions>
    </Filter>
    <Filter Include="Resource Files">
      <UniqueIdentifier>{67DA6AB6-F800-4c08-8B7A-83BB121AAD01}</UniqueIdentifier>
      <Extensions>rc;ico;cur;bmp;dlg;rc2;rct;bin;rgs;gif;jpg;jpeg;jpe;resx;tiff;tif;png;wav;mfcribbon-ms</Extensions>
    </Filter>
    <Filter Include="Shaders">
      <UniqueIdentifier>{5c9993df-5de9-482b-bdc2-6b817b5a33bc}</UniqueIdentifier>
    </Filter>
    <Filter Include="Shaders\D3D11">
      <UniqueIdentifier>{6d84e4d5-f34f-421c-b5da-75d6cfabde23}</UniqueIdentifier>
    </Filter>
    <Filter Include="Shaders\OGL4">
      <UniqueIdentifier>{a7253636-a188-4d4f-937b-a0d1ed2d7c09}</UniqueIdentifier>
    </Filter>
    <Filter Include="Header Files\Scenes">
      <UniqueIdentifier>{f1dfaed2-e9f5-499f-bdb9-9afcb67d1ced}</UniqueIdentifier>
    </Filter>
    <Filter Include="Source Files\Scenes">
      <UniqueIdentifier>{1f6f2919-84c8-4b3e-bd28-019d71c0066f}</UniqueIdentifier>
    </Filter>
  </ItemGroup>
  <ItemGroup>
    <ClCompile Include="Main.cpp">
      <Filter>Source Files</Filter>
    </ClCompile>
    <ClCompile Include="PCH.cpp">
      <Filter>Source Files</Filter>
    </ClCompile>
    <ClCompile Include="Common.cpp">
      <Filter>Source Files</Filter>
    </ClCompile>
    <ClCompile Include="Scenes\Basic.cpp">
      <Filter>Source Files\Scenes</Filter>
    </ClCompile>
    <ClCompile Include="Scenes\DepthStencil.cpp">
      <Filter>Source Files\Scenes</Filter>
    </ClCompile>
    <ClCompile Include="Scenes\VertexBuffers.cpp">
      <Filter>Source Files\Scenes</Filter>
    </ClCompile>
    <ClCompile Include="Scenes\Scene.cpp">
      <Filter>Source Files\Scenes</Filter>
    </ClCompile>
    <ClCompile Include="Scenes\RenderTargets.cpp">
      <Filter>Source Files\Scenes</Filter>
    </ClCompile>
    <ClCompile Include="Scenes\Tessellation.cpp">
      <Filter>Source Files\Scenes</Filter>
    </ClCompile>
  </ItemGroup>
  <ItemGroup>
    <ClInclude Include="PCH.hpp">
      <Filter>Header Files</Filter>
    </ClInclude>
    <ClInclude Include="Common.hpp">
      <Filter>Header Files</Filter>
    </ClInclude>
    <ClInclude Include="Scenes\DepthStencil.hpp">
      <Filter>Header Files\Scenes</Filter>
    </ClInclude>
    <ClInclude Include="Scenes\VertexBuffers.hpp">
      <Filter>Header Files\Scenes</Filter>
    </ClInclude>
    <ClInclude Include="Scenes\Basic.hpp">
      <Filter>Header Files\Scenes</Filter>
    </ClInclude>
    <ClInclude Include="Scenes\Scene.hpp">
      <Filter>Header Files\Scenes</Filter>
    </ClInclude>
    <ClInclude Include="Scenes\RenderTargets.hpp">
      <Filter>Header Files\Scenes</Filter>
    </ClInclude>
    <ClInclude Include="Scenes\Tessellation.hpp">
      <Filter>Header Files\Scenes</Filter>
    </ClInclude>
  </ItemGroup>
  <ItemGroup>
    <FxCompile Include="Shaders\D3D11\TestPS.hlsl">
      <Filter>Shaders\D3D11</Filter>
    </FxCompile>
    <FxCompile Include="Shaders\D3D11\TestVS.hlsl">
      <Filter>Shaders\D3D11</Filter>
    </FxCompile>
    <FxCompile Include="Shaders\D3D11\InstancingTestPS.hlsl">
      <Filter>Shaders\D3D11</Filter>
    </FxCompile>
    <FxCompile Include="Shaders\D3D11\InstancingTestVS.hlsl">
      <Filter>Shaders\D3D11</Filter>
    </FxCompile>
    <FxCompile Include="Shaders\D3D11\PostProcessPS.hlsl">
      <Filter>Shaders\D3D11</Filter>
    </FxCompile>
    <FxCompile Include="Shaders\D3D11\RenderTargetPS.hlsl">
      <Filter>Shaders\D3D11</Filter>
    </FxCompile>
    <FxCompile Include="Shaders\D3D11\TessellationDS.hlsl">
      <Filter>Shaders\D3D11</Filter>
    </FxCompile>
    <FxCompile Include="Shaders\D3D11\TessellationHS.hlsl">
      <Filter>Shaders\D3D11</Filter>
    </FxCompile>
    <FxCompile Include="Shaders\D3D11\TessellationPS.hlsl">
      <Filter>Shaders\D3D11</Filter>
    </FxCompile>
    <FxCompile Include="Shaders\D3D11\TessellationVS.hlsl">
      <Filter>Shaders\D3D11</Filter>
    </FxCompile>
  </ItemGroup>
  <ItemGroup>
    <None Include="Shaders\OGL4\TestVS.glsl">
      <Filter>Shaders\OGL4</Filter>
    </None>
    <None Include="Shaders\OGL4\TestPS.glsl">
      <Filter>Shaders\OGL4</Filter>
    </None>
    <None Include="Shaders\OGL4\PostProcessPS.glsl">
      <Filter>Shaders\OGL4</Filter>
    </None>
    <None Include="Shaders\OGL4\RenderTargetPS.glsl">
      <Filter>Shaders\OGL4</Filter>
    </None>
    <None Include="Shaders\OGL4\InstancingTestPS.glsl">
      <Filter>Shaders\OGL4</Filter>
    </None>
    <None Include="Shaders\OGL4\InstancingTestVS.glsl">
      <Filter>Shaders\OGL4</Filter>
    </None>
  </ItemGroup>
</Project>