<?xml version="1.0" encoding="utf-8"?>
<Project ToolsVersion="4.0" xmlns="http://schemas.microsoft.com/developer/msbuild/2003">
  <ItemGroup>
    <Filter Include="RendererModules">
      <UniqueIdentifier>{a5157a75-0515-470d-a2ce-f4eaf15252fa}</UniqueIdentifier>
    </Filter>
    <Filter Include="Base">
      <UniqueIdentifier>{93995380-89BD-4b04-88EB-625FBE52EBFB}</UniqueIdentifier>
      <Extensions>h;hpp;hxx;hm;inl;inc;xsd</Extensions>
    </Filter>
  </ItemGroup>
  <ItemGroup>
    <ClInclude Include="DebugRenderer.hpp">
      <Filter>Base</Filter>
    </ClInclude>
    <ClInclude Include="GeometryBufferRenderer.hpp">
      <Filter>Base</Filter>
    </ClInclude>
    <ClInclude Include="GuiRenderer.hpp">
      <Filter>Base</Filter>
    </ClInclude>
    <ClInclude Include="LightsRenderer.hpp">
      <Filter>Base</Filter>
    </ClInclude>
    <ClInclude Include="Multishader.hpp">
      <Filter>Base</Filter>
    </ClInclude>
    <ClInclude Include="nfRenderer.hpp">
      <Filter>Base</Filter>
    </ClInclude>
    <ClInclude Include="PostProcessRenderer.hpp">
      <Filter>Base</Filter>
    </ClInclude>
    <ClInclude Include="Renderer.hpp">
      <Filter>Base</Filter>
    </ClInclude>
    <ClInclude Include="RendererContext.hpp">
      <Filter>Base</Filter>
    </ClInclude>
    <ClInclude Include="RendererResources.hpp">
      <Filter>Base</Filter>
    </ClInclude>
    <ClInclude Include="ShadowsRenderer.hpp">
      <Filter>Base</Filter>
    </ClInclude>
    <ClInclude Include="PCH.hpp">
      <Filter>Base</Filter>
    </ClInclude>
  </ItemGroup>
  <ItemGroup>
    <ClCompile Include="nfRenderer.cpp">
      <Filter>Base</Filter>
    </ClCompile>
    <ClCompile Include="PCH.cpp">
      <Filter>Base</Filter>
    </ClCompile>
    <ClCompile Include="DebugRenderer.cpp">
      <Filter>RendererModules</Filter>
    </ClCompile>
    <ClCompile Include="GeometryBufferRenderer.cpp">
      <Filter>RendererModules</Filter>
    </ClCompile>
    <ClCompile Include="GuiRenderer.cpp">
      <Filter>RendererModules</Filter>
    </ClCompile>
    <ClCompile Include="LightsRenderer.cpp">
      <Filter>RendererModules</Filter>
    </ClCompile>
    <ClCompile Include="Multishader.cpp">
      <Filter>RendererModules</Filter>
    </ClCompile>
    <ClCompile Include="PostProcessRenderer.cpp">
      <Filter>RendererModules</Filter>
    </ClCompile>
    <ClCompile Include="ShadowsRenderer.cpp">
      <Filter>RendererModules</Filter>
    </ClCompile>
    <ClCompile Include="RendererContext.cpp">
      <Filter>RendererModules</Filter>
    </ClCompile>
    <ClCompile Include="Renderer.cpp">
      <Filter>RendererModules</Filter>
    </ClCompile>
    <ClCompile Include="RendererResources.cpp">
      <Filter>RendererModules</Filter>
    </ClCompile>
  </ItemGroup>
</Project>