<?xml version="1.0" encoding="utf-8"?>
<Project ToolsVersion="4.0" xmlns="http://schemas.microsoft.com/developer/msbuild/2003">
  <ItemGroup>
    <Filter Include="API">
      <UniqueIdentifier>{ab6af51d-183b-4864-ad04-a8337b691576}</UniqueIdentifier>
    </Filter>
    <Filter Include="Internal">
      <UniqueIdentifier>{7ae4cb9c-2058-4965-89cf-4289618e2fe6}</UniqueIdentifier>
    </Filter>
    <Filter Include="Internal\Win">
      <UniqueIdentifier>{dfc02718-b2db-4a33-8c95-0364a8fb244f}</UniqueIdentifier>
    </Filter>
    <Filter Include="API\Win">
      <UniqueIdentifier>{ab7effb7-0bd8-4580-bed6-79a5139b5c98}</UniqueIdentifier>
    </Filter>
  </ItemGroup>
  <ItemGroup>
    <ClInclude Include="Defines.hpp" />
    <ClInclude Include="PCH.hpp" />
    <ClInclude Include="Internal\Debugger.hpp">
      <Filter>Internal</Filter>
    </ClInclude>
    <ClInclude Include="Internal\Extensions.hpp">
      <Filter>Internal</Filter>
    </ClInclude>
    <ClInclude Include="Internal\GetProc.hpp">
      <Filter>Internal</Filter>
    </ClInclude>
    <ClInclude Include="Internal\Instance.hpp">
      <Filter>Internal</Filter>
    </ClInclude>
    <ClInclude Include="Internal\RenderPassDesc.hpp">
      <Filter>Internal</Filter>
    </ClInclude>
    <ClInclude Include="Internal\RenderPassManager.hpp">
      <Filter>Internal</Filter>
    </ClInclude>
    <ClInclude Include="Internal\RingBuffer.hpp">
      <Filter>Internal</Filter>
    </ClInclude>
    <ClInclude Include="Internal\SemaphorePool.hpp">
      <Filter>Internal</Filter>
    </ClInclude>
    <ClInclude Include="Internal\Translations.hpp">
      <Filter>Internal</Filter>
    </ClInclude>
    <ClInclude Include="API\Backbuffer.hpp">
      <Filter>API</Filter>
    </ClInclude>
    <ClInclude Include="API\Buffer.hpp">
      <Filter>API</Filter>
    </ClInclude>
    <ClInclude Include="API\CommandRecorder.hpp">
      <Filter>API</Filter>
    </ClInclude>
    <ClInclude Include="API\ComputePipelineState.hpp">
      <Filter>API</Filter>
    </ClInclude>
    <ClInclude Include="API\Device.hpp">
      <Filter>API</Filter>
    </ClInclude>
    <ClInclude Include="API\PipelineState.hpp">
      <Filter>API</Filter>
    </ClInclude>
    <ClInclude Include="API\RenderTarget.hpp">
      <Filter>API</Filter>
    </ClInclude>
    <ClInclude Include="API\ResourceBinding.hpp">
      <Filter>API</Filter>
    </ClInclude>
    <ClInclude Include="API\Sampler.hpp">
      <Filter>API</Filter>
    </ClInclude>
    <ClInclude Include="API\Shader.hpp">
      <Filter>API</Filter>
    </ClInclude>
    <ClInclude Include="API\Texture.hpp">
      <Filter>API</Filter>
    </ClInclude>
    <ClInclude Include="API\VertexLayout.hpp">
      <Filter>API</Filter>
    </ClInclude>
    <ClInclude Include="Internal\Win\WinExtensions.hpp">
      <Filter>Internal\Win</Filter>
    </ClInclude>
  </ItemGroup>
  <ItemGroup>
    <ClCompile Include="Main.cpp" />
    <ClCompile Include="PCH.cpp" />
    <ClCompile Include="Internal\Debugger.cpp">
      <Filter>Internal</Filter>
    </ClCompile>
    <ClCompile Include="Internal\Extensions.cpp">
      <Filter>Internal</Filter>
    </ClCompile>
    <ClCompile Include="Internal\Instance.cpp">
      <Filter>Internal</Filter>
    </ClCompile>
    <ClCompile Include="Internal\RenderPassManager.cpp">
      <Filter>Internal</Filter>
    </ClCompile>
    <ClCompile Include="Internal\RingBuffer.cpp">
      <Filter>Internal</Filter>
    </ClCompile>
    <ClCompile Include="Internal\SemaphorePool.cpp">
      <Filter>Internal</Filter>
    </ClCompile>
    <ClCompile Include="Internal\Translations.cpp">
      <Filter>Internal</Filter>
    </ClCompile>
    <ClCompile Include="API\Backbuffer.cpp">
      <Filter>API</Filter>
    </ClCompile>
    <ClCompile Include="API\Buffer.cpp">
      <Filter>API</Filter>
    </ClCompile>
    <ClCompile Include="API\CommandRecorder.cpp">
      <Filter>API</Filter>
    </ClCompile>
    <ClCompile Include="API\ComputePipelineState.cpp">
      <Filter>API</Filter>
    </ClCompile>
    <ClCompile Include="API\Device.cpp">
      <Filter>API</Filter>
    </ClCompile>
    <ClCompile Include="API\PipelineState.cpp">
      <Filter>API</Filter>
    </ClCompile>
    <ClCompile Include="API\RenderTarget.cpp">
      <Filter>API</Filter>
    </ClCompile>
    <ClCompile Include="API\ResourceBinding.cpp">
      <Filter>API</Filter>
    </ClCompile>
    <ClCompile Include="API\Sampler.cpp">
      <Filter>API</Filter>
    </ClCompile>
    <ClCompile Include="API\Shader.cpp">
      <Filter>API</Filter>
    </ClCompile>
    <ClCompile Include="API\Texture.cpp">
      <Filter>API</Filter>
    </ClCompile>
    <ClCompile Include="API\VertexLayout.cpp">
      <Filter>API</Filter>
    </ClCompile>
    <ClCompile Include="API\Win\WinBackbuffer.cpp">
      <Filter>API\Win</Filter>
    </ClCompile>
    <ClCompile Include="API\Win\WinDevice.cpp">
      <Filter>API\Win</Filter>
    </ClCompile>
    <ClCompile Include="InternalWindows\WinExtensions.cpp">
      <Filter>Internal\Win</Filter>
    </ClCompile>
  </ItemGroup>
</Project>