<?xml version="1.0" encoding="utf-8"?>
<Project ToolsVersion="4.0" xmlns="http://schemas.microsoft.com/developer/msbuild/2003">
  <ItemGroup>
    <Filter Include="Base">
      <UniqueIdentifier>{20e47000-8175-46cb-b49b-9b6799804dfe}</UniqueIdentifier>
    </Filter>
    <Filter Include="Scene">
      <UniqueIdentifier>{b9a8990f-2396-47bd-aa43-d01df06236bc}</UniqueIdentifier>
    </Filter>
    <Filter Include="PCH">
      <UniqueIdentifier>{bd29ba41-f88b-4a56-9ef2-0757a7aecb45}</UniqueIdentifier>
    </Filter>
    <Filter Include="Renderer">
      <UniqueIdentifier>{41ada418-96c2-459b-9938-5eef2c5e34a5}</UniqueIdentifier>
    </Filter>
    <Filter Include="Systems">
      <UniqueIdentifier>{2d0610d3-139f-4504-bb84-ecaea87f7a87}</UniqueIdentifier>
    </Filter>
    <Filter Include="Components">
      <UniqueIdentifier>{a5bffd4e-51c0-4ad8-88f1-d471e85b2c24}</UniqueIdentifier>
    </Filter>
    <Filter Include="Resources">
      <UniqueIdentifier>{ac3755ea-3680-4282-86ec-332da8174ea0}</UniqueIdentifier>
    </Filter>
    <Filter Include="Utils">
      <UniqueIdentifier>{40738d35-8dbb-4074-bc98-84d31ffc6382}</UniqueIdentifier>
    </Filter>
  </ItemGroup>
  <ItemGroup>
    <ClCompile Include="PCH.cpp">
      <Filter>PCH</Filter>
    </ClCompile>
    <ClCompile Include="Core.cpp">
      <Filter>Base</Filter>
    </ClCompile>
    <ClCompile Include="Engine.cpp">
      <Filter>Base</Filter>
    </ClCompile>
    <ClCompile Include="Globals.cpp">
      <Filter>Base</Filter>
    </ClCompile>
    <ClCompile Include="Renderer\DebugRenderer.cpp">
      <Filter>Renderer</Filter>
    </ClCompile>
    <ClCompile Include="Renderer\GuiRenderer.cpp">
      <Filter>Renderer</Filter>
    </ClCompile>
    <ClCompile Include="Renderer\LightsRenderer.cpp">
      <Filter>Renderer</Filter>
    </ClCompile>
    <ClCompile Include="Renderer\PostProcessRenderer.cpp">
      <Filter>Renderer</Filter>
    </ClCompile>
    <ClCompile Include="Renderer\RenderCommand.cpp">
      <Filter>Renderer</Filter>
    </ClCompile>
    <ClCompile Include="Renderer\RendererContext.cpp">
      <Filter>Renderer</Filter>
    </ClCompile>
    <ClCompile Include="Renderer\View.cpp">
      <Filter>Renderer</Filter>
    </ClCompile>
    <ClCompile Include="Renderer\RendererResources.cpp">
      <Filter>Renderer</Filter>
    </ClCompile>
    <ClCompile Include="Renderer\HighLevelRenderer.cpp">
      <Filter>Renderer</Filter>
    </ClCompile>
    <ClCompile Include="Systems\PhysicsSystem.cpp">
      <Filter>Systems</Filter>
    </ClCompile>
    <ClCompile Include="Components\BodyComponent.cpp">
      <Filter>Components</Filter>
    </ClCompile>
    <ClCompile Include="Components\CameraComponent.cpp">
      <Filter>Components</Filter>
    </ClCompile>
    <ClCompile Include="Components\Component.cpp">
      <Filter>Components</Filter>
    </ClCompile>
    <ClCompile Include="Components\LightComponent.cpp">
      <Filter>Components</Filter>
    </ClCompile>
    <ClCompile Include="Components\MeshComponent.cpp">
      <Filter>Components</Filter>
    </ClCompile>
    <ClCompile Include="Components\TransformComponent.cpp">
      <Filter>Components</Filter>
    </ClCompile>
    <ClCompile Include="Systems\RendererSystem.cpp">
      <Filter>Systems</Filter>
    </ClCompile>
    <ClCompile Include="Systems\TransformSystem.cpp">
      <Filter>Systems</Filter>
    </ClCompile>
    <ClCompile Include="Renderer\GeometryRenderer.cpp">
      <Filter>Renderer</Filter>
    </ClCompile>
    <ClCompile Include="Renderer\Font.cpp">
      <Filter>Renderer</Filter>
    </ClCompile>
    <ClCompile Include="Resources\CollisionShape.cpp">
      <Filter>Resources</Filter>
    </ClCompile>
    <ClCompile Include="Resources\Material.cpp">
      <Filter>Resources</Filter>
    </ClCompile>
    <ClCompile Include="Resources\Mesh.cpp">
      <Filter>Resources</Filter>
    </ClCompile>
    <ClCompile Include="Resources\Resource.cpp">
      <Filter>Resources</Filter>
    </ClCompile>
    <ClCompile Include="Resources\ResourcesManager.cpp">
      <Filter>Resources</Filter>
    </ClCompile>
    <ClCompile Include="Resources\SoundSample.cpp">
      <Filter>Resources</Filter>
    </ClCompile>
    <ClCompile Include="Resources\Texture.cpp">
      <Filter>Resources</Filter>
    </ClCompile>
    <ClCompile Include="Scene\EntityManager.cpp">
      <Filter>Scene</Filter>
    </ClCompile>
    <ClCompile Include="Scene\SceneEvent.cpp">
      <Filter>Scene</Filter>
    </ClCompile>
    <ClCompile Include="Scene\SceneManager.cpp">
      <Filter>Scene</Filter>
    </ClCompile>
    <ClCompile Include="Resources\Multishader.cpp">
      <Filter>Resources</Filter>
    </ClCompile>
    <ClCompile Include="Resources\MultiShaderProgram.cpp">
      <Filter>Resources</Filter>
    </ClCompile>
    <ClCompile Include="Utils\Profiler.cpp">
      <Filter>Utils</Filter>
    </ClCompile>
    <ClCompile Include="Utils\ProfilerNodeStats.cpp">
      <Filter>Utils</Filter>
    </ClCompile>
  </ItemGroup>
  <ItemGroup>
    <ClInclude Include="Prerequisites.hpp">
      <Filter>Base</Filter>
    </ClInclude>
    <ClInclude Include="Engine.hpp">
      <Filter>Base</Filter>
    </ClInclude>
    <ClInclude Include="Core.hpp">
      <Filter>Base</Filter>
    </ClInclude>
    <ClInclude Include="PCH.hpp">
      <Filter>PCH</Filter>
    </ClInclude>
    <ClInclude Include="Globals.hpp">
      <Filter>Base</Filter>
    </ClInclude>
    <ClInclude Include="Renderer\DebugRenderer.hpp">
      <Filter>Renderer</Filter>
    </ClInclude>
    <ClInclude Include="Renderer\GuiRenderer.hpp">
      <Filter>Renderer</Filter>
    </ClInclude>
    <ClInclude Include="Renderer\LightsRenderer.hpp">
      <Filter>Renderer</Filter>
    </ClInclude>
    <ClInclude Include="Renderer\PostProcessRenderer.hpp">
      <Filter>Renderer</Filter>
    </ClInclude>
    <ClInclude Include="Renderer\RenderCommand.hpp">
      <Filter>Renderer</Filter>
    </ClInclude>
    <ClInclude Include="Renderer\RendererContext.hpp">
      <Filter>Renderer</Filter>
    </ClInclude>
    <ClInclude Include="Renderer\RendererResources.hpp">
      <Filter>Renderer</Filter>
    </ClInclude>
    <ClInclude Include="Renderer\View.hpp">
      <Filter>Renderer</Filter>
    </ClInclude>
    <ClInclude Include="Renderer\HighLevelRenderer.hpp">
      <Filter>Renderer</Filter>
    </ClInclude>
    <ClInclude Include="Renderer\RendererModule.hpp">
      <Filter>Renderer</Filter>
    </ClInclude>
    <ClInclude Include="Renderer\DebugRendererContext.hpp">
      <Filter>Renderer</Filter>
    </ClInclude>
    <ClInclude Include="Systems\PhysicsSystem.hpp">
      <Filter>Systems</Filter>
    </ClInclude>
    <ClInclude Include="Components\BodyComponent.hpp">
      <Filter>Components</Filter>
    </ClInclude>
    <ClInclude Include="Components\CameraComponent.hpp">
      <Filter>Components</Filter>
    </ClInclude>
    <ClInclude Include="Components\Component.hpp">
      <Filter>Components</Filter>
    </ClInclude>
    <ClInclude Include="Components\LightComponent.hpp">
      <Filter>Components</Filter>
    </ClInclude>
    <ClInclude Include="Components\MeshComponent.hpp">
      <Filter>Components</Filter>
    </ClInclude>
    <ClInclude Include="Components\TransformComponent.hpp">
      <Filter>Components</Filter>
    </ClInclude>
    <ClInclude Include="Systems\RendererSystem.hpp">
      <Filter>Systems</Filter>
    </ClInclude>
    <ClInclude Include="Systems\TransformSystem.hpp">
      <Filter>Systems</Filter>
    </ClInclude>
    <ClInclude Include="Renderer\GeometryRenderer.hpp">
      <Filter>Renderer</Filter>
    </ClInclude>
    <ClInclude Include="Renderer\GeometryRendererContext.hpp">
      <Filter>Renderer</Filter>
    </ClInclude>
    <ClInclude Include="Renderer\GuiRendererContext.hpp">
      <Filter>Renderer</Filter>
    </ClInclude>
    <ClInclude Include="Renderer\Font.hpp">
      <Filter>Renderer</Filter>
    </ClInclude>
    <ClInclude Include="Resources\CollisionShape.hpp">
      <Filter>Resources</Filter>
    </ClInclude>
    <ClInclude Include="Resources\Material.hpp">
      <Filter>Resources</Filter>
    </ClInclude>
    <ClInclude Include="Resources\Mesh.hpp">
      <Filter>Resources</Filter>
    </ClInclude>
    <ClInclude Include="Resources\Resource.hpp">
      <Filter>Resources</Filter>
    </ClInclude>
    <ClInclude Include="Resources\ResourcesManager.hpp">
      <Filter>Resources</Filter>
    </ClInclude>
    <ClInclude Include="Resources\SoundSample.hpp">
      <Filter>Resources</Filter>
    </ClInclude>
    <ClInclude Include="Resources\Texture.hpp">
      <Filter>Resources</Filter>
    </ClInclude>
    <ClInclude Include="Scene\EntityManager.hpp">
      <Filter>Scene</Filter>
    </ClInclude>
    <ClInclude Include="Scene\SceneEvent.hpp">
      <Filter>Scene</Filter>
    </ClInclude>
    <ClInclude Include="Scene\SceneManager.hpp">
      <Filter>Scene</Filter>
    </ClInclude>
    <ClInclude Include="Resources\Multishader.hpp">
      <Filter>Resources</Filter>
    </ClInclude>
    <ClInclude Include="Resources\MultiShaderProgram.hpp">
      <Filter>Resources</Filter>
    </ClInclude>
    <ClInclude Include="Utils\Profiler.hpp">
      <Filter>Utils</Filter>
    </ClInclude>
    <ClInclude Include="Utils\ProfilerNodeStats.hpp">
      <Filter>Utils</Filter>
    </ClInclude>
  </ItemGroup>
</Project>