<?xml version="1.0" encoding="utf-8"?>
<Project ToolsVersion="4.0" xmlns="http://schemas.microsoft.com/developer/msbuild/2003">
  <ItemGroup>
    <ClInclude Include="GameWindow.hpp" />
    <ClInclude Include="Main.hpp" />
    <ClInclude Include="Scenes.hpp" />
    <ClInclude Include="PCH.hpp" />
    <ClInclude Include="Controllers\TriggeredLightController.hpp">
      <Filter>Controllers</Filter>
    </ClInclude>
    <ClInclude Include="Controllers\FreeCameraController.hpp">
      <Filter>Controllers</Filter>
    </ClInclude>
  </ItemGroup>
  <ItemGroup>
    <ClCompile Include="GameWindow.cpp" />
    <ClCompile Include="Main.cpp" />
    <ClCompile Include="Scenes.cpp" />
    <ClCompile Include="PCH.cpp" />
    <ClCompile Include="Controllers\FreeCameraController.cpp">
      <Filter>Controllers</Filter>
    </ClCompile>
    <ClCompile Include="Controllers\TriggeredLightController.cpp">
      <Filter>Controllers</Filter>
    </ClCompile>
  </ItemGroup>
  <ItemGroup>
    <Filter Include="Controllers">
      <UniqueIdentifier>{eda95a72-cfb5-4ac5-91a7-554d7828156c}</UniqueIdentifier>
    </Filter>
  </ItemGroup>
</Project>