<?xml version="1.0" encoding="utf-8"?>
<Project ToolsVersion="4.0" xmlns="http://schemas.microsoft.com/developer/msbuild/2003">
  <ItemGroup>
    <ClCompile Include="PCH.cpp" />
    <ClCompile Include="Main.cpp" />
    <ClCompile Include="MD5Test.cpp" />
    <ClCompile Include="PackerBasicTest.cpp" />
    <ClCompile Include="PackerComplexTest.cpp" />
    <ClCompile Include="ThreadPoolSimple.cpp" />
    <ClCompile Include="ThreadPoolStress.cpp" />
    <ClCompile Include="TimerTest.cpp" />
    <ClCompile Include="MathVectorTest.cpp" />
    <ClCompile Include="MathGeometryTest.cpp" />
    <ClCompile Include="MathMatrixTest.cpp" />
    <ClCompile Include="FileSystemTest.cpp" />
    <ClCompile Include="FileTest.cpp" />
    <ClCompile Include="WindowTest.cpp" />
    <ClCompile Include="LatchTest.cpp" />
    <ClCompile Include="BufferInputStreamTest.cpp" />
    <ClCompile Include="BufferOutputStreamTest.cpp" />
    <ClCompile Include="MemoryTest.cpp" />
    <ClCompile Include="SystemInfoTest.cpp" />
    <ClCompile Include="Constants.cpp" />
    <ClCompile Include="LibraryTest.cpp" />
    <ClCompile Include="LoggerTest.cpp" />
    <ClCompile Include="RayGeometryTest.cpp" />
    <ClCompile Include="DirectoryWatchTest.cpp" />
    <ClCompile Include="PackedArray.cpp" />
    <ClCompile Include="ImageTest.cpp" />
    <ClCompile Include="ConfigTest.cpp" />
    <ClCompile Include="AlignedTest.cpp" />
    <ClCompile Include="BVHTest.cpp" />
    <ClCompile Include="EnumIteratorTest.cpp" />
    <ClCompile Include="LogGrouperTest.cpp" />
  </ItemGroup>
  <ItemGroup>
    <ClInclude Include="PCH.hpp" />
    <ClInclude Include="Constants.hpp" />
  </ItemGroup>
  <ItemGroup>
    <Filter Include="ThreadPool">
      <UniqueIdentifier>{389677ad-d60b-4704-9d44-6b77556cb5a8}</UniqueIdentifier>
    </Filter>
  </ItemGroup>
</Project>