<?xml version="1.0" encoding="utf-8"?>
<Project ToolsVersion="4.0" xmlns="http://schemas.microsoft.com/developer/msbuild/2003">
  <ItemGroup>
    <ClCompile Include="PCH.cpp" />
    <ClCompile Include="Main.cpp" />
    <ClCompile Include="Constants.cpp" />
    <ClCompile Include="TestCases\FileAsyncTest.cpp">
      <Filter>TestCases</Filter>
    </ClCompile>
    <ClCompile Include="TestCases\FileBufferedTest.cpp">
      <Filter>TestCases</Filter>
    </ClCompile>
    <ClCompile Include="TestCases\FileSystemTest.cpp">
      <Filter>TestCases</Filter>
    </ClCompile>
    <ClCompile Include="TestCases\FileTest.cpp">
      <Filter>TestCases</Filter>
    </ClCompile>
    <ClCompile Include="TestCases\ImageTest.cpp">
      <Filter>TestCases</Filter>
    </ClCompile>
    <ClCompile Include="TestCases\LatchTest.cpp">
      <Filter>TestCases</Filter>
    </ClCompile>
    <ClCompile Include="TestCases\LibraryTest.cpp">
      <Filter>TestCases</Filter>
    </ClCompile>
    <ClCompile Include="TestCases\LoggerTest.cpp">
      <Filter>TestCases</Filter>
    </ClCompile>
    <ClCompile Include="TestCases\LogGrouperTest.cpp">
      <Filter>TestCases</Filter>
    </ClCompile>
    <ClCompile Include="TestCases\LogScopeTest.cpp">
      <Filter>TestCases</Filter>
    </ClCompile>
    <ClCompile Include="TestCases\MathGeometryTest.cpp">
      <Filter>TestCases</Filter>
    </ClCompile>
    <ClCompile Include="TestCases\MathMatrixTest.cpp">
      <Filter>TestCases</Filter>
    </ClCompile>
    <ClCompile Include="TestCases\MathTest.cpp">
      <Filter>TestCases</Filter>
    </ClCompile>
    <ClCompile Include="TestCases\MathVectorTest.cpp">
      <Filter>TestCases</Filter>
    </ClCompile>
    <ClCompile Include="TestCases\MD5Test.cpp">
      <Filter>TestCases</Filter>
    </ClCompile>
    <ClCompile Include="TestCases\MemoryTest.cpp">
      <Filter>TestCases</Filter>
    </ClCompile>
    <ClCompile Include="TestCases\PackedArrayTest.cpp">
      <Filter>TestCases</Filter>
    </ClCompile>
    <ClCompile Include="TestCases\PackerBasicTest.cpp">
      <Filter>TestCases</Filter>
    </ClCompile>
    <ClCompile Include="TestCases\PackerComplexTest.cpp">
      <Filter>TestCases</Filter>
    </ClCompile>
    <ClCompile Include="TestCases\RayGeometryTest.cpp">
      <Filter>TestCases</Filter>
    </ClCompile>
    <ClCompile Include="TestCases\SetTest.cpp">
      <Filter>TestCases</Filter>
    </ClCompile>
    <ClCompile Include="TestCases\SystemInfoTest.cpp">
      <Filter>TestCases</Filter>
    </ClCompile>
    <ClCompile Include="TestCases\ThreadPoolSimpleTest.cpp">
      <Filter>TestCases</Filter>
    </ClCompile>
    <ClCompile Include="TestCases\ThreadPoolStressTest.cpp">
      <Filter>TestCases</Filter>
    </ClCompile>
    <ClCompile Include="TestCases\ThreadTest.cpp">
      <Filter>TestCases</Filter>
    </ClCompile>
    <ClCompile Include="TestCases\TimerTest.cpp">
      <Filter>TestCases</Filter>
    </ClCompile>
    <ClCompile Include="TestCases\WindowTest.cpp">
      <Filter>TestCases</Filter>
    </ClCompile>
    <ClCompile Include="TestCases\AlignedTest.cpp">
      <Filter>TestCases</Filter>
    </ClCompile>
    <ClCompile Include="TestCases\BufferInputStreamTest.cpp">
      <Filter>TestCases</Filter>
    </ClCompile>
    <ClCompile Include="TestCases\BufferOutputStreamTest.cpp">
      <Filter>TestCases</Filter>
    </ClCompile>
    <ClCompile Include="TestCases\BVHTest.cpp">
      <Filter>TestCases</Filter>
    </ClCompile>
    <ClCompile Include="TestCases\ConfigTest.cpp">
      <Filter>TestCases</Filter>
    </ClCompile>
    <ClCompile Include="TestCases\DirectoryWatchTest.cpp">
      <Filter>TestCases</Filter>
    </ClCompile>
    <ClCompile Include="TestCases\EnumIteratorTest.cpp">
      <Filter>TestCases</Filter>
    </ClCompile>
    <ClCompile Include="TestCases\ArrayViewTest.cpp">
      <Filter>TestCases</Filter>
    </ClCompile>
    <ClCompile Include="TestCases\DynArrayTest.cpp">
      <Filter>TestCases</Filter>
    </ClCompile>
    <ClCompile Include="TestCases\StringViewTest.cpp">
      <Filter>TestCases</Filter>
    </ClCompile>
    <ClCompile Include="TestCases\StringTest.cpp">
      <Filter>TestCases</Filter>
    </ClCompile>
    <ClCompile Include="TestCases\MathQuaternionTest.cpp">
      <Filter>TestCases</Filter>
    </ClCompile>
    <ClCompile Include="TestCases\BitUtilsTest.cpp">
      <Filter>TestCases</Filter>
    </ClCompile>
    <ClCompile Include="TestCases\MathTransformTest.cpp">
      <Filter>TestCases</Filter>
    </ClCompile>
    <ClCompile Include="TestCases\UniquePtrTest.cpp">
      <Filter>TestCases</Filter>
    </ClCompile>
  </ItemGroup>
  <ItemGroup>
    <ClInclude Include="PCH.hpp" />
    <ClInclude Include="Constants.hpp" />
    <ClInclude Include="TestClasses.hpp" />
  </ItemGroup>
  <ItemGroup>
    <Filter Include="TestCases">
      <UniqueIdentifier>{ddc87e8a-e935-4ca4-bf40-ac2cce4fc85b}</UniqueIdentifier>
    </Filter>
  </ItemGroup>
</Project>