<?xml version="1.0" encoding="utf-8"?>
<Project ToolsVersion="4.0" xmlns="http://schemas.microsoft.com/developer/msbuild/2003">
  <ItemGroup>
    <Filter Include="Base">
      <UniqueIdentifier>{20e47000-8175-46cb-b49b-9b6799804dfe}</UniqueIdentifier>
    </Filter>
    <Filter Include="Scene">
      <UniqueIdentifier>{b9a8990f-2396-47bd-aa43-d01df06236bc}</UniqueIdentifier>
    </Filter>
    <Filter Include="PCH">
      <UniqueIdentifier>{bd29ba41-f88b-4a56-9ef2-0757a7aecb45}</UniqueIdentifier>
    </Filter>
    <Filter Include="Utils">
      <UniqueIdentifier>{40738d35-8dbb-4074-bc98-84d31ffc6382}</UniqueIdentifier>
    </Filter>
    <Filter Include="Input">
      <UniqueIdentifier>{0cff49de-7eaf-4b44-a05c-bb6f1d68fb38}</UniqueIdentifier>
    </Filter>
    <Filter Include="Scene\Components">
      <UniqueIdentifier>{bb3ebdc3-0c2f-4c87-9890-ff9cef0e9fa6}</UniqueIdentifier>
    </Filter>
    <Filter Include="Scene\Systems">
      <UniqueIdentifier>{568e104d-baa3-49de-932a-68e5265a3929}</UniqueIdentifier>
    </Filter>
    <Filter Include="Scene\Events">
      <UniqueIdentifier>{68441a56-0282-43db-a9c8-b8dbe98eeef9}</UniqueIdentifier>
    </Filter>
  </ItemGroup>
  <ItemGroup>
    <ClCompile Include="PCH.cpp">
      <Filter>PCH</Filter>
    </ClCompile>
    <ClCompile Include="Utils\Profiler.cpp">
      <Filter>Utils</Filter>
    </ClCompile>
    <ClCompile Include="Utils\ConfigVariable.cpp">
      <Filter>Utils</Filter>
    </ClCompile>
    <ClCompile Include="Utils\ConfigManager.cpp">
      <Filter>Utils</Filter>
    </ClCompile>
    <ClCompile Include="Main.cpp">
      <Filter>Base</Filter>
    </ClCompile>
    <ClCompile Include="Scene\Entity.cpp">
      <Filter>Scene</Filter>
    </ClCompile>
    <ClCompile Include="Input\InputEvent.cpp">
      <Filter>Input</Filter>
    </ClCompile>
    <ClCompile Include="Scene\Components\Component.cpp">
      <Filter>Scene\Components</Filter>
    </ClCompile>
    <ClCompile Include="Scene\Components\ComponentCamera.cpp">
      <Filter>Scene\Components</Filter>
    </ClCompile>
    <ClCompile Include="Scene\Components\ComponentLight.cpp">
      <Filter>Scene\Components</Filter>
    </ClCompile>
    <ClCompile Include="Scene\Components\ComponentMesh.cpp">
      <Filter>Scene\Components</Filter>
    </ClCompile>
    <ClCompile Include="Scene\Systems\EntitySystem.cpp">
      <Filter>Scene\Systems</Filter>
    </ClCompile>
    <ClCompile Include="Scene\Systems\System.cpp">
      <Filter>Scene\Systems</Filter>
    </ClCompile>
    <ClCompile Include="Scene\Systems\InputSystem.cpp">
      <Filter>Scene\Systems</Filter>
    </ClCompile>
    <ClCompile Include="Scene\Events\Event.cpp">
      <Filter>Scene\Events</Filter>
    </ClCompile>
    <ClCompile Include="Scene\EntityController.cpp">
      <Filter>Scene</Filter>
    </ClCompile>
    <ClCompile Include="Scene\Events\Event_Input.cpp">
      <Filter>Scene\Events</Filter>
    </ClCompile>
    <ClCompile Include="Scene\Events\Event_Tick.cpp">
      <Filter>Scene\Events</Filter>
    </ClCompile>
    <ClCompile Include="Scene\Systems\EventSystem.cpp">
      <Filter>Scene\Systems</Filter>
    </ClCompile>
    <ClCompile Include="Scene\Components\ComponentController.cpp">
      <Filter>Scene\Components</Filter>
    </ClCompile>
    <ClCompile Include="Scene\Systems\RendererSystem.cpp">
      <Filter>Scene\Systems</Filter>
    </ClCompile>
    <ClCompile Include="Scene\Events\Event_Trigger.cpp">
      <Filter>Scene\Events</Filter>
    </ClCompile>
    <ClCompile Include="Scene\Systems\TriggerSystem.cpp">
      <Filter>Scene\Systems</Filter>
    </ClCompile>
    <ClCompile Include="Scene\Components\ComponentTrigger.cpp">
      <Filter>Scene\Components</Filter>
    </ClCompile>
    <ClCompile Include="Scene\Scene.cpp">
      <Filter>Scene</Filter>
    </ClCompile>
  </ItemGroup>
  <ItemGroup>
    <ClInclude Include="PCH.hpp">
      <Filter>PCH</Filter>
    </ClInclude>
    <ClInclude Include="Utils\Profiler.hpp">
      <Filter>Utils</Filter>
    </ClInclude>
    <ClInclude Include="Utils\ConfigVariable.hpp">
      <Filter>Utils</Filter>
    </ClInclude>
    <ClInclude Include="Utils\ConfigManager.hpp">
      <Filter>Utils</Filter>
    </ClInclude>
    <ClInclude Include="Utils\SimpleInput.hpp">
      <Filter>Utils</Filter>
    </ClInclude>
    <ClInclude Include="ForwardDeclarations.hpp">
      <Filter>Base</Filter>
    </ClInclude>
    <ClInclude Include="Core.hpp">
      <Filter>Base</Filter>
    </ClInclude>
    <ClInclude Include="Scene\Entity.hpp">
      <Filter>Scene</Filter>
    </ClInclude>
    <ClInclude Include="Input\InputEvent.hpp">
      <Filter>Input</Filter>
    </ClInclude>
    <ClInclude Include="Scene\Components\Component.hpp">
      <Filter>Scene\Components</Filter>
    </ClInclude>
    <ClInclude Include="Scene\Components\ComponentCamera.hpp">
      <Filter>Scene\Components</Filter>
    </ClInclude>
    <ClInclude Include="Scene\Components\ComponentLight.hpp">
      <Filter>Scene\Components</Filter>
    </ClInclude>
    <ClInclude Include="Scene\Components\ComponentMesh.hpp">
      <Filter>Scene\Components</Filter>
    </ClInclude>
    <ClInclude Include="Scene\Systems\EntitySystem.hpp">
      <Filter>Scene\Systems</Filter>
    </ClInclude>
    <ClInclude Include="Scene\Systems\RendererSystem.hpp">
      <Filter>Scene\Systems</Filter>
    </ClInclude>
    <ClInclude Include="Scene\Systems\System.hpp">
      <Filter>Scene\Systems</Filter>
    </ClInclude>
    <ClInclude Include="Scene\Systems\InputSystem.hpp">
      <Filter>Scene\Systems</Filter>
    </ClInclude>
    <ClInclude Include="Scene\Events\Event.hpp">
      <Filter>Scene\Events</Filter>
    </ClInclude>
    <ClInclude Include="Scene\EntityController.hpp">
      <Filter>Scene</Filter>
    </ClInclude>
    <ClInclude Include="Scene\Events\Event_Input.hpp">
      <Filter>Scene\Events</Filter>
    </ClInclude>
    <ClInclude Include="Scene\Events\Event_Tick.hpp">
      <Filter>Scene\Events</Filter>
    </ClInclude>
    <ClInclude Include="Scene\Systems\EventSystem.hpp">
      <Filter>Scene\Systems</Filter>
    </ClInclude>
    <ClInclude Include="Scene\Components\ComponentController.hpp">
      <Filter>Scene\Components</Filter>
    </ClInclude>
    <ClInclude Include="Scene\Events\Event_Trigger.hpp">
      <Filter>Scene\Events</Filter>
    </ClInclude>
    <ClInclude Include="Scene\Systems\TriggerSystem.hpp">
      <Filter>Scene\Systems</Filter>
    </ClInclude>
    <ClInclude Include="Scene\Components\ComponentTrigger.hpp">
      <Filter>Scene\Components</Filter>
    </ClInclude>
    <ClInclude Include="Scene\Scene.hpp">
      <Filter>Scene</Filter>
    </ClInclude>
  </ItemGroup>
</Project>