<?xml version="1.0" encoding="utf-8"?>
<Project ToolsVersion="4.0" xmlns="http://schemas.microsoft.com/developer/msbuild/2003">
  <ItemGroup>
    <Filter Include="Header Files">
      <UniqueIdentifier>{049a8b56-ab9c-42df-8a9f-ebcb47d47627}</UniqueIdentifier>
    </Filter>
    <Filter Include="Source Files">
      <UniqueIdentifier>{8adfc8fc-bf3a-4577-8fd7-fdf552d2ff3f}</UniqueIdentifier>
    </Filter>
    <Filter Include="Source Files\Win">
      <UniqueIdentifier>{28eb18a8-1668-4056-8308-f69db8c3181e}</UniqueIdentifier>
    </Filter>
    <Filter Include="Header Files\Win">
      <UniqueIdentifier>{9cb615f2-93f2-4d32-99ac-2b573c627217}</UniqueIdentifier>
    </Filter>
  </ItemGroup>
  <ItemGroup>
    <ClCompile Include="CommandBuffer.cpp">
      <Filter>Source Files</Filter>
    </ClCompile>
    <ClCompile Include="Device.cpp">
      <Filter>Source Files</Filter>
    </ClCompile>
    <ClCompile Include="Main.cpp">
      <Filter>Source Files</Filter>
    </ClCompile>
    <ClCompile Include="PCH.cpp">
      <Filter>Source Files</Filter>
    </ClCompile>
    <ClCompile Include="Instance.cpp">
      <Filter>Source Files</Filter>
    </ClCompile>
    <ClCompile Include="Translations.cpp">
      <Filter>Source Files</Filter>
    </ClCompile>
    <ClCompile Include="Win\Win32Extensions.cpp">
      <Filter>Source Files\Win</Filter>
    </ClCompile>
    <ClCompile Include="Extensions.cpp">
      <Filter>Source Files</Filter>
    </ClCompile>
    <ClCompile Include="RenderTarget.cpp">
      <Filter>Source Files</Filter>
    </ClCompile>
    <ClCompile Include="Texture.cpp">
      <Filter>Source Files</Filter>
    </ClCompile>
    <ClCompile Include="Win\Win32Backbuffer.cpp">
      <Filter>Source Files\Win</Filter>
    </ClCompile>
    <ClCompile Include="Backbuffer.cpp">
      <Filter>Source Files</Filter>
    </ClCompile>
    <ClCompile Include="Sampler.cpp">
      <Filter>Source Files</Filter>
    </ClCompile>
    <ClCompile Include="Shader.cpp">
      <Filter>Source Files</Filter>
    </ClCompile>
    <ClCompile Include="ResourceBinding.cpp">
      <Filter>Source Files</Filter>
    </ClCompile>
    <ClCompile Include="Debugger.cpp">
      <Filter>Source Files</Filter>
    </ClCompile>
    <ClCompile Include="PipelineState.cpp">
      <Filter>Source Files</Filter>
    </ClCompile>
    <ClCompile Include="VertexLayout.cpp">
      <Filter>Source Files</Filter>
    </ClCompile>
    <ClCompile Include="Buffer.cpp">
      <Filter>Source Files</Filter>
    </ClCompile>
    <ClCompile Include="ComputePipelineState.cpp">
      <Filter>Source Files</Filter>
    </ClCompile>
  </ItemGroup>
  <ItemGroup>
    <ClInclude Include="CommandBuffer.hpp">
      <Filter>Header Files</Filter>
    </ClInclude>
    <ClInclude Include="Defines.hpp">
      <Filter>Header Files</Filter>
    </ClInclude>
    <ClInclude Include="Device.hpp">
      <Filter>Header Files</Filter>
    </ClInclude>
    <ClInclude Include="Extensions.hpp">
      <Filter>Header Files</Filter>
    </ClInclude>
    <ClInclude Include="PCH.hpp">
      <Filter>Header Files</Filter>
    </ClInclude>
    <ClInclude Include="Instance.hpp">
      <Filter>Header Files</Filter>
    </ClInclude>
    <ClInclude Include="Translations.hpp">
      <Filter>Header Files</Filter>
    </ClInclude>
    <ClInclude Include="GetProc.hpp">
      <Filter>Header Files</Filter>
    </ClInclude>
    <ClInclude Include="Win\Win32Extensions.hpp">
      <Filter>Header Files\Win</Filter>
    </ClInclude>
    <ClInclude Include="Backbuffer.hpp">
      <Filter>Header Files</Filter>
    </ClInclude>
    <ClInclude Include="RenderTarget.hpp">
      <Filter>Header Files</Filter>
    </ClInclude>
    <ClInclude Include="Texture.hpp">
      <Filter>Header Files</Filter>
    </ClInclude>
    <ClInclude Include="Sampler.hpp">
      <Filter>Header Files</Filter>
    </ClInclude>
    <ClInclude Include="Shader.hpp">
      <Filter>Header Files</Filter>
    </ClInclude>
    <ClInclude Include="ResourceBinding.hpp">
      <Filter>Header Files</Filter>
    </ClInclude>
    <ClInclude Include="Debugger.hpp">
      <Filter>Header Files</Filter>
    </ClInclude>
    <ClInclude Include="PipelineState.hpp">
      <Filter>Header Files</Filter>
    </ClInclude>
    <ClInclude Include="VertexLayout.hpp">
      <Filter>Header Files</Filter>
    </ClInclude>
    <ClInclude Include="Buffer.hpp">
      <Filter>Header Files</Filter>
    </ClInclude>
    <ClInclude Include="ComputePipelineState.hpp">
      <Filter>Header Files</Filter>
    </ClInclude>
  </ItemGroup>
</Project>