<?xml version="1.0" encoding="utf-8"?>
<Project ToolsVersion="4.0" xmlns="http://schemas.microsoft.com/developer/msbuild/2003">
  <ItemGroup>
    <Filter Include="Header Files">
      <UniqueIdentifier>{049a8b56-ab9c-42df-8a9f-ebcb47d47627}</UniqueIdentifier>
    </Filter>
    <Filter Include="Source Files">
      <UniqueIdentifier>{8adfc8fc-bf3a-4577-8fd7-fdf552d2ff3f}</UniqueIdentifier>
    </Filter>
    <Filter Include="Source Files\Win">
      <UniqueIdentifier>{a24709e6-a76b-49ad-97f1-c1aa71677419}</UniqueIdentifier>
    </Filter>
    <Filter Include="Header Files\Win">
      <UniqueIdentifier>{62a5c1e1-ce37-40c2-846f-a3a55bf4894f}</UniqueIdentifier>
    </Filter>
  </ItemGroup>
  <ItemGroup>
    <ClCompile Include="Win\Win32Extensions.cpp">
      <Filter>Source Files\Win</Filter>
    </ClCompile>
    <ClCompile Include="CommandBuffer.cpp">
      <Filter>Source Files</Filter>
    </ClCompile>
    <ClCompile Include="Device.cpp">
      <Filter>Source Files</Filter>
    </ClCompile>
    <ClCompile Include="Extensions.cpp">
      <Filter>Source Files</Filter>
    </ClCompile>
    <ClCompile Include="Main.cpp">
      <Filter>Source Files</Filter>
    </ClCompile>
    <ClCompile Include="PCH.cpp">
      <Filter>Source Files</Filter>
    </ClCompile>
    <ClCompile Include="RendererVk.cpp">
      <Filter>Source Files</Filter>
    </ClCompile>
  </ItemGroup>
  <ItemGroup>
    <ClInclude Include="Win\Win32Extensions.hpp">
      <Filter>Header Files\Win</Filter>
    </ClInclude>
    <ClInclude Include="CommandBuffer.hpp">
      <Filter>Header Files</Filter>
    </ClInclude>
    <ClInclude Include="Defines.hpp">
      <Filter>Header Files</Filter>
    </ClInclude>
    <ClInclude Include="Device.hpp">
      <Filter>Header Files</Filter>
    </ClInclude>
    <ClInclude Include="Extensions.hpp">
      <Filter>Header Files</Filter>
    </ClInclude>
    <ClInclude Include="GetExtension.hpp">
      <Filter>Header Files</Filter>
    </ClInclude>
    <ClInclude Include="PCH.hpp">
      <Filter>Header Files</Filter>
    </ClInclude>
    <ClInclude Include="RendererVk.hpp">
      <Filter>Header Files</Filter>
    </ClInclude>
  </ItemGroup>
</Project>