<?xml version="1.0" encoding="utf-8"?>
<Project ToolsVersion="4.0" xmlns="http://schemas.microsoft.com/developer/msbuild/2003">
  <ItemGroup>
    <Filter Include="Source Files">
      <UniqueIdentifier>{4FC737F1-C7A5-4376-A066-2A32D752A2FF}</UniqueIdentifier>
      <Extensions>cpp;c;cc;cxx;def;odl;idl;hpj;bat;asm;asmx</Extensions>
    </Filter>
    <Filter Include="Header Files">
      <UniqueIdentifier>{93995380-89BD-4b04-88EB-625FBE52EBFB}</UniqueIdentifier>
      <Extensions>h;hpp;hxx;hm;inl;inc;xsd</Extensions>
    </Filter>
    <Filter Include="Resource Files">
      <UniqueIdentifier>{67DA6AB6-F800-4c08-8B7A-83BB121AAD01}</UniqueIdentifier>
      <Extensions>rc;ico;cur;bmp;dlg;rc2;rct;bin;rgs;gif;jpg;jpeg;jpe;resx;tiff;tif;png;wav;mfcribbon-ms</Extensions>
    </Filter>
    <Filter Include="Header Files\Math">
      <UniqueIdentifier>{df3bda64-5d62-4bf6-93b9-5235b5403ac3}</UniqueIdentifier>
    </Filter>
    <Filter Include="Source Files\Math">
      <UniqueIdentifier>{6e6fcf7b-9b40-43f8-af57-5000e952046a}</UniqueIdentifier>
    </Filter>
    <Filter Include="Header Files\jpeg">
      <UniqueIdentifier>{ac8a18cb-d00a-4d48-918d-1ef2af20abd9}</UniqueIdentifier>
    </Filter>
    <Filter Include="Source Files\jpeg">
      <UniqueIdentifier>{e8412cbe-0bf4-4ff2-8ab3-a4af4b44d9bb}</UniqueIdentifier>
    </Filter>
    <Filter Include="Header Files\Packer">
      <UniqueIdentifier>{2705f939-6203-4037-8999-840d59e8deeb}</UniqueIdentifier>
    </Filter>
    <Filter Include="Source Files\Packer">
      <UniqueIdentifier>{6a3e9a23-d2b4-47c7-9e30-c0e784f6e277}</UniqueIdentifier>
    </Filter>
  </ItemGroup>
  <ItemGroup>
    <ClInclude Include="stdafx.hpp">
      <Filter>Header Files</Filter>
    </ClInclude>
    <ClInclude Include="targetver.hpp">
      <Filter>Header Files</Filter>
    </ClInclude>
    <ClInclude Include="InputStream.hpp">
      <Filter>Header Files</Filter>
    </ClInclude>
    <ClInclude Include="OutputStream.hpp">
      <Filter>Header Files</Filter>
    </ClInclude>
    <ClInclude Include="Image.hpp">
      <Filter>Header Files</Filter>
    </ClInclude>
    <ClInclude Include="Logger.h">
      <Filter>Header Files</Filter>
    </ClInclude>
    <ClInclude Include="Window.hpp">
      <Filter>Header Files</Filter>
    </ClInclude>
    <ClInclude Include="Buffer.hpp">
      <Filter>Header Files</Filter>
    </ClInclude>
    <ClInclude Include="Math\Geometry.hpp">
      <Filter>Header Files\Math</Filter>
    </ClInclude>
    <ClInclude Include="Math\Matrix.hpp">
      <Filter>Header Files\Math</Filter>
    </ClInclude>
    <ClInclude Include="Math\Quaternion.hpp">
      <Filter>Header Files\Math</Filter>
    </ClInclude>
    <ClInclude Include="Math\Random.hpp">
      <Filter>Header Files\Math</Filter>
    </ClInclude>
    <ClInclude Include="Math\Vector.hpp">
      <Filter>Header Files\Math</Filter>
    </ClInclude>
    <ClInclude Include="nfCommon.hpp">
      <Filter>Header Files</Filter>
    </ClInclude>
    <ClInclude Include="Math\Math.hpp">
      <Filter>Header Files\Math</Filter>
    </ClInclude>
    <ClInclude Include="MD5.h">
      <Filter>Header Files</Filter>
    </ClInclude>
    <ClInclude Include="..\..\Deps\jpeg\jpgd.h">
      <Filter>Header Files\jpeg</Filter>
    </ClInclude>
    <ClInclude Include="..\..\Deps\jpeg\jpge.h">
      <Filter>Header Files\jpeg</Filter>
    </ClInclude>
    <ClInclude Include="Packer\packer.hpp">
      <Filter>Header Files\Packer</Filter>
    </ClInclude>
    <ClInclude Include="Packer\packerDefines.hpp">
      <Filter>Header Files\Packer</Filter>
    </ClInclude>
    <ClInclude Include="Packer\packerElement.hpp">
      <Filter>Header Files\Packer</Filter>
    </ClInclude>
    <ClInclude Include="Packer\packerReader.hpp">
      <Filter>Header Files\Packer</Filter>
    </ClInclude>
    <ClInclude Include="Packer\packerWriter.hpp">
      <Filter>Header Files\Packer</Filter>
    </ClInclude>
    <ClInclude Include="ThreadPool.hpp">
      <Filter>Header Files</Filter>
    </ClInclude>
    <ClInclude Include="Timer.hpp">
      <Filter>Header Files</Filter>
    </ClInclude>
    <ClInclude Include="TimerWin.hpp">
      <Filter>Header Files</Filter>
    </ClInclude>
  </ItemGroup>
  <ItemGroup>
    <ClCompile Include="stdafx.cpp">
      <Filter>Source Files</Filter>
    </ClCompile>
    <ClCompile Include="OutputStream.cpp">
      <Filter>Source Files</Filter>
    </ClCompile>
    <ClCompile Include="InputStream.cpp">
      <Filter>Source Files</Filter>
    </ClCompile>
    <ClCompile Include="Image.cpp">
      <Filter>Source Files</Filter>
    </ClCompile>
    <ClCompile Include="Math\Geometry.cpp">
      <Filter>Source Files\Math</Filter>
    </ClCompile>
    <ClCompile Include="Math\Matrix.cpp">
      <Filter>Source Files\Math</Filter>
    </ClCompile>
    <ClCompile Include="Math\Quaternion.cpp">
      <Filter>Source Files\Math</Filter>
    </ClCompile>
    <ClCompile Include="Math\Random.cpp">
      <Filter>Source Files\Math</Filter>
    </ClCompile>
    <ClCompile Include="ThreadPool.cpp">
      <Filter>Source Files</Filter>
    </ClCompile>
    <ClCompile Include="Logger.cpp">
      <Filter>Source Files</Filter>
    </ClCompile>
    <ClCompile Include="Window.cpp">
      <Filter>Source Files</Filter>
    </ClCompile>
    <ClCompile Include="Buffer.cpp">
      <Filter>Source Files</Filter>
    </ClCompile>
    <ClCompile Include="Main.cpp">
      <Filter>Source Files</Filter>
    </ClCompile>
    <ClCompile Include="MD5.cpp">
      <Filter>Source Files</Filter>
    </ClCompile>
    <ClCompile Include="..\..\Deps\jpeg\jpge.cpp">
      <Filter>Source Files\jpeg</Filter>
    </ClCompile>
    <ClCompile Include="..\..\Deps\jpeg\jpgd.cpp">
      <Filter>Source Files\jpeg</Filter>
    </ClCompile>
    <ClCompile Include="Packer\packer.cpp">
      <Filter>Source Files\Packer</Filter>
    </ClCompile>
    <ClCompile Include="Packer\packerDefines.cpp">
      <Filter>Source Files\Packer</Filter>
    </ClCompile>
    <ClCompile Include="Packer\packerReader.cpp">
      <Filter>Source Files\Packer</Filter>
    </ClCompile>
    <ClCompile Include="Packer\packerWriter.cpp">
      <Filter>Source Files\Packer</Filter>
    </ClCompile>
    <ClCompile Include="TimerWin.cpp">
      <Filter>Source Files</Filter>
    </ClCompile>
  </ItemGroup>
</Project>
