<?xml version="1.0" encoding="utf-8"?>
<Project ToolsVersion="4.0" xmlns="http://schemas.microsoft.com/developer/msbuild/2003">
  <ItemGroup>
    <Filter Include="Source Files">
      <UniqueIdentifier>{4FC737F1-C7A5-4376-A066-2A32D752A2FF}</UniqueIdentifier>
      <Extensions>cpp;c;cc;cxx;def;odl;idl;hpj;bat;asm;asmx</Extensions>
    </Filter>
    <Filter Include="Header Files">
      <UniqueIdentifier>{93995380-89BD-4b04-88EB-625FBE52EBFB}</UniqueIdentifier>
      <Extensions>h;hpp;hxx;hm;inl;inc;xsd</Extensions>
    </Filter>
    <Filter Include="Header Files\Math">
      <UniqueIdentifier>{df3bda64-5d62-4bf6-93b9-5235b5403ac3}</UniqueIdentifier>
    </Filter>
    <Filter Include="Header Files\Packer">
      <UniqueIdentifier>{2705f939-6203-4037-8999-840d59e8deeb}</UniqueIdentifier>
    </Filter>
    <Filter Include="Source Files\Packer">
      <UniqueIdentifier>{6a3e9a23-d2b4-47c7-9e30-c0e784f6e277}</UniqueIdentifier>
    </Filter>
    <Filter Include="Source Files\Win">
      <UniqueIdentifier>{82f86556-6e16-4b25-ba75-f3376ee985ee}</UniqueIdentifier>
    </Filter>
    <Filter Include="Header Files\Win">
      <UniqueIdentifier>{bd3f5c23-9ea9-4e8c-9ad5-e1d9ed7a40cb}</UniqueIdentifier>
    </Filter>
    <Filter Include="Source Files\LoggerBackends">
      <UniqueIdentifier>{df0fe897-aba8-4a28-9be3-6d965ea69f0a}</UniqueIdentifier>
    </Filter>
    <Filter Include="Source Files\Math">
      <UniqueIdentifier>{6e6fcf7b-9b40-43f8-af57-5000e952046a}</UniqueIdentifier>
    </Filter>
    <Filter Include="Source Files\LoggerBackends\Win">
      <UniqueIdentifier>{8a1f06d7-8a12-4102-b4fe-1932bf32c8f0}</UniqueIdentifier>
    </Filter>
    <Filter Include="Source Files\Image">
      <UniqueIdentifier>{daff1ecc-f467-4b34-92c3-87eaa8f51f9b}</UniqueIdentifier>
    </Filter>
    <Filter Include="Header Files\Math\SSE">
      <UniqueIdentifier>{01473106-35d7-40a6-addb-38a02e0575e6}</UniqueIdentifier>
    </Filter>
    <Filter Include="Header Files\Math\FPU">
      <UniqueIdentifier>{9d9b53de-5cb2-46fb-bfde-7308a88ca9b2}</UniqueIdentifier>
    </Filter>
    <Filter Include="Source Files\Math\SSE">
      <UniqueIdentifier>{14d8996f-bc97-490d-be41-1e682459b396}</UniqueIdentifier>
    </Filter>
    <Filter Include="Source Files\Math\FPU">
      <UniqueIdentifier>{9cd7e1d2-dbe2-4932-b2c4-4ce945f2bf7f}</UniqueIdentifier>
    </Filter>
    <Filter Include="Header Files\Memory">
      <UniqueIdentifier>{ba683b64-b258-4ec0-9c7c-6d98391dbc76}</UniqueIdentifier>
    </Filter>
    <Filter Include="Source Files\Memory">
      <UniqueIdentifier>{84fccf24-1002-4827-8796-97433d6f6d6a}</UniqueIdentifier>
    </Filter>
  </ItemGroup>
  <ItemGroup>
    <ClInclude Include="PCH.hpp">
      <Filter>Header Files</Filter>
    </ClInclude>
    <ClInclude Include="InputStream.hpp">
      <Filter>Header Files</Filter>
    </ClInclude>
    <ClInclude Include="OutputStream.hpp">
      <Filter>Header Files</Filter>
    </ClInclude>
    <ClInclude Include="Window.hpp">
      <Filter>Header Files</Filter>
    </ClInclude>
    <ClInclude Include="Buffer.hpp">
      <Filter>Header Files</Filter>
    </ClInclude>
    <ClInclude Include="Math\Geometry.hpp">
      <Filter>Header Files\Math</Filter>
    </ClInclude>
    <ClInclude Include="Math\Matrix.hpp">
      <Filter>Header Files\Math</Filter>
    </ClInclude>
    <ClInclude Include="Math\Quaternion.hpp">
      <Filter>Header Files\Math</Filter>
    </ClInclude>
    <ClInclude Include="Math\Random.hpp">
      <Filter>Header Files\Math</Filter>
    </ClInclude>
    <ClInclude Include="Math\Vector.hpp">
      <Filter>Header Files\Math</Filter>
    </ClInclude>
    <ClInclude Include="nfCommon.hpp">
      <Filter>Header Files</Filter>
    </ClInclude>
    <ClInclude Include="Math\Math.hpp">
      <Filter>Header Files\Math</Filter>
    </ClInclude>
    <ClInclude Include="ThreadPool.hpp">
      <Filter>Header Files</Filter>
    </ClInclude>
    <ClInclude Include="Timer.hpp">
      <Filter>Header Files</Filter>
    </ClInclude>
    <ClInclude Include="Logger.hpp">
      <Filter>Header Files</Filter>
    </ClInclude>
    <ClInclude Include="MD5.hpp">
      <Filter>Header Files</Filter>
    </ClInclude>
    <ClInclude Include="Bit.hpp">
      <Filter>Header Files</Filter>
    </ClInclude>
    <ClInclude Include="Packer\Packer.hpp">
      <Filter>Header Files\Packer</Filter>
    </ClInclude>
    <ClInclude Include="Packer\PackerDefines.hpp">
      <Filter>Header Files\Packer</Filter>
    </ClInclude>
    <ClInclude Include="Packer\PackerElement.hpp">
      <Filter>Header Files\Packer</Filter>
    </ClInclude>
    <ClInclude Include="Packer\PackerReader.hpp">
      <Filter>Header Files\Packer</Filter>
    </ClInclude>
    <ClInclude Include="Packer\PackerWriter.hpp">
      <Filter>Header Files\Packer</Filter>
    </ClInclude>
    <ClInclude Include="Console.hpp">
      <Filter>Header Files</Filter>
    </ClInclude>
    <ClInclude Include="Win\Console.hpp">
      <Filter>Header Files\Win</Filter>
    </ClInclude>
    <ClInclude Include="Packer\PackerResource.hpp">
      <Filter>Header Files\Packer</Filter>
    </ClInclude>
    <ClInclude Include="Packer\PackerResourceFile.hpp">
      <Filter>Header Files\Packer</Filter>
    </ClInclude>
    <ClInclude Include="FileSystem.hpp">
      <Filter>Header Files</Filter>
    </ClInclude>
    <ClInclude Include="Win\Common.hpp">
      <Filter>Header Files\Win</Filter>
    </ClInclude>
    <ClInclude Include="File.hpp">
      <Filter>Header Files</Filter>
    </ClInclude>
    <ClInclude Include="Library.hpp">
      <Filter>Header Files</Filter>
    </ClInclude>
    <ClInclude Include="SystemInfo.hpp">
      <Filter>Header Files</Filter>
    </ClInclude>
    <ClInclude Include="SystemInfoConstants.hpp">
      <Filter>Header Files</Filter>
    </ClInclude>
    <ClInclude Include="Math\Box.hpp">
      <Filter>Header Files\Math</Filter>
    </ClInclude>
    <ClInclude Include="Math\Frustum.hpp">
      <Filter>Header Files\Math</Filter>
    </ClInclude>
    <ClInclude Include="Math\Ray.hpp">
      <Filter>Header Files\Math</Filter>
    </ClInclude>
    <ClInclude Include="Math\Sphere.hpp">
      <Filter>Header Files\Math</Filter>
    </ClInclude>
    <ClInclude Include="Math\Triangle.hpp">
      <Filter>Header Files\Math</Filter>
    </ClInclude>
    <ClInclude Include="LoggerBackends\BackendConsole.hpp">
      <Filter>Source Files\LoggerBackends</Filter>
    </ClInclude>
    <ClInclude Include="LoggerBackends\BackendHTML.hpp">
      <Filter>Source Files\LoggerBackends</Filter>
    </ClInclude>
    <ClInclude Include="Image\Image.hpp">
      <Filter>Source Files\Image</Filter>
    </ClInclude>
    <ClInclude Include="Image\Mipmap.hpp">
      <Filter>Source Files\Image</Filter>
    </ClInclude>
    <ClInclude Include="Image\ImageFormat.hpp">
      <Filter>Source Files\Image</Filter>
    </ClInclude>
    <ClInclude Include="LoggerBackends\Win\BackendWindowsDebugger.hpp">
      <Filter>Source Files\LoggerBackends\Win</Filter>
    </ClInclude>
    <ClInclude Include="AsyncThreadPool.hpp">
      <Filter>Header Files</Filter>
    </ClInclude>
    <ClInclude Include="Math\FPU\Vector.hpp">
      <Filter>Header Files\Math\FPU</Filter>
    </ClInclude>
    <ClInclude Include="Math\SSE\Vector.hpp">
      <Filter>Header Files\Math\SSE</Filter>
    </ClInclude>
    <ClInclude Include="Math\SSE\Matrix.hpp">
      <Filter>Header Files\Math\SSE</Filter>
    </ClInclude>
    <ClInclude Include="Math\FPU\Matrix.hpp">
      <Filter>Header Files\Math\FPU</Filter>
    </ClInclude>
    <ClInclude Include="Math\FPU\RayGeometry.hpp">
      <Filter>Header Files\Math\FPU</Filter>
    </ClInclude>
    <ClInclude Include="Math\SSE\RayGeometry.hpp">
      <Filter>Header Files\Math\SSE</Filter>
    </ClInclude>
    <ClInclude Include="DirectoryWatch.hpp">
      <Filter>Header Files</Filter>
    </ClInclude>
    <ClInclude Include="PackedArray.hpp">
      <Filter>Header Files</Filter>
    </ClInclude>
    <ClInclude Include="Config.hpp">
      <Filter>Header Files</Filter>
    </ClInclude>
    <ClInclude Include="ConfigTokenizer.hpp">
      <Filter>Header Files</Filter>
    </ClInclude>
    <ClInclude Include="ConfigDataTranslator.hpp">
      <Filter>Header Files</Filter>
    </ClInclude>
    <ClInclude Include="Aligned.hpp">
      <Filter>Header Files</Filter>
    </ClInclude>
    <ClInclude Include="BVH.hpp">
      <Filter>Header Files</Filter>
    </ClInclude>
    <ClInclude Include="LoggerBackends\BackendTxt.hpp">
      <Filter>Source Files\LoggerBackends</Filter>
    </ClInclude>
    <ClInclude Include="Memory.hpp">
      <Filter>Header Files\Memory</Filter>
    </ClInclude>
    <ClInclude Include="Memory\DefaultAllocator.hpp">
      <Filter>Header Files\Memory</Filter>
    </ClInclude>
  </ItemGroup>
  <ItemGroup>
    <ClCompile Include="PCH.cpp">
      <Filter>Source Files</Filter>
    </ClCompile>
    <ClCompile Include="OutputStream.cpp">
      <Filter>Source Files</Filter>
    </ClCompile>
    <ClCompile Include="InputStream.cpp">
      <Filter>Source Files</Filter>
    </ClCompile>
    <ClCompile Include="Math\Geometry.cpp">
      <Filter>Source Files\Math</Filter>
    </ClCompile>
    <ClCompile Include="Math\Matrix.cpp">
      <Filter>Source Files\Math</Filter>
    </ClCompile>
    <ClCompile Include="Math\Quaternion.cpp">
      <Filter>Source Files\Math</Filter>
    </ClCompile>
    <ClCompile Include="Math\Random.cpp">
      <Filter>Source Files\Math</Filter>
    </ClCompile>
    <ClCompile Include="ThreadPool.cpp">
      <Filter>Source Files</Filter>
    </ClCompile>
    <ClCompile Include="Logger.cpp">
      <Filter>Source Files</Filter>
    </ClCompile>
    <ClCompile Include="Buffer.cpp">
      <Filter>Source Files</Filter>
    </ClCompile>
    <ClCompile Include="Main.cpp">
      <Filter>Source Files</Filter>
    </ClCompile>
    <ClCompile Include="MD5.cpp">
      <Filter>Source Files</Filter>
    </ClCompile>
    <ClCompile Include="Packer\PackerDefines.cpp">
      <Filter>Source Files\Packer</Filter>
    </ClCompile>
    <ClCompile Include="Packer\PackerReader.cpp">
      <Filter>Source Files\Packer</Filter>
    </ClCompile>
    <ClCompile Include="Packer\PackerWriter.cpp">
      <Filter>Source Files\Packer</Filter>
    </ClCompile>
    <ClCompile Include="Win\Console.cpp">
      <Filter>Source Files\Win</Filter>
    </ClCompile>
    <ClCompile Include="Win\Timer.cpp">
      <Filter>Source Files\Win</Filter>
    </ClCompile>
    <ClCompile Include="Packer\PackerResource.cpp">
      <Filter>Source Files\Packer</Filter>
    </ClCompile>
    <ClCompile Include="Packer\PackerResourceFile.cpp">
      <Filter>Source Files\Packer</Filter>
    </ClCompile>
    <ClCompile Include="Win\FileSystem.cpp">
      <Filter>Source Files\Win</Filter>
    </ClCompile>
    <ClCompile Include="Win\Common.cpp">
      <Filter>Source Files\Win</Filter>
    </ClCompile>
    <ClCompile Include="Win\File.cpp">
      <Filter>Source Files\Win</Filter>
    </ClCompile>
    <ClCompile Include="Win\Window.cpp">
      <Filter>Source Files\Win</Filter>
    </ClCompile>
    <ClCompile Include="Win\Library.cpp">
      <Filter>Source Files\Win</Filter>
    </ClCompile>
    <ClCompile Include="Latch.cpp">
      <Filter>Source Files</Filter>
    </ClCompile>
    <ClCompile Include="Win\SystemInfoPlatform.cpp">
      <Filter>Source Files\Win</Filter>
    </ClCompile>
    <ClCompile Include="SystemInfo.cpp">
      <Filter>Source Files</Filter>
    </ClCompile>
    <ClCompile Include="Math\Math.cpp">
      <Filter>Source Files\Math</Filter>
    </ClCompile>
    <ClCompile Include="Math\Box.cpp">
      <Filter>Source Files\Math</Filter>
    </ClCompile>
    <ClCompile Include="FileSystemCommon.cpp">
      <Filter>Source Files</Filter>
    </ClCompile>
    <ClCompile Include="LoggerBackends\BackendConsole.cpp">
      <Filter>Source Files\LoggerBackends</Filter>
    </ClCompile>
    <ClCompile Include="LoggerBackends\BackendHTML.cpp">
      <Filter>Source Files\LoggerBackends</Filter>
    </ClCompile>
    <ClCompile Include="Image\Image.cpp">
      <Filter>Source Files\Image</Filter>
    </ClCompile>
    <ClCompile Include="Image\ImageLoadBMP.cpp">
      <Filter>Source Files\Image</Filter>
    </ClCompile>
    <ClCompile Include="Image\ImageLoadDDS.cpp">
      <Filter>Source Files\Image</Filter>
    </ClCompile>
    <ClCompile Include="Image\ImageLoadJPG.cpp">
      <Filter>Source Files\Image</Filter>
    </ClCompile>
    <ClCompile Include="Image\ImageLoadPNG.cpp">
      <Filter>Source Files\Image</Filter>
    </ClCompile>
    <ClCompile Include="Image\Mipmap.cpp">
      <Filter>Source Files\Image</Filter>
    </ClCompile>
    <ClCompile Include="Image\ImageFormat.cpp">
      <Filter>Source Files\Image</Filter>
    </ClCompile>
    <ClCompile Include="Math\Frustum.cpp">
      <Filter>Source Files\Math</Filter>
    </ClCompile>
    <ClCompile Include="LoggerBackends\Win\BackendWindowsDebugger.cpp">
      <Filter>Source Files\LoggerBackends\Win</Filter>
    </ClCompile>
    <ClCompile Include="AsyncThreadPool.cpp">
      <Filter>Source Files\Win</Filter>
    </ClCompile>
    <ClCompile Include="Win\DirectoryWatch.cpp">
      <Filter>Source Files\Win</Filter>
    </ClCompile>
    <ClCompile Include="Math\RayGeometry.cpp">
      <Filter>Source Files\Math</Filter>
    </ClCompile>
    <ClCompile Include="BVH.cpp">
      <Filter>Source Files</Filter>
    </ClCompile>
    <ClCompile Include="Math\SSE\MatrixSSE.cpp">
      <Filter>Source Files\Math\SSE</Filter>
    </ClCompile>
    <ClCompile Include="Math\FPU\MatrixFPU.cpp">
      <Filter>Source Files\Math\FPU</Filter>
    </ClCompile>
    <ClCompile Include="Math\SSE\GeometrySSE.cpp">
      <Filter>Source Files\Math\SSE</Filter>
    </ClCompile>
    <ClCompile Include="Math\FPU\GeometryFPU.cpp">
      <Filter>Source Files\Math\FPU</Filter>
    </ClCompile>
    <ClCompile Include="Win\Memory.cpp">
      <Filter>Source Files\Win</Filter>
    </ClCompile>
    <ClCompile Include="Config.cpp">
      <Filter>Source Files</Filter>
    </ClCompile>
    <ClCompile Include="ConfigTokenizer.cpp">
      <Filter>Source Files</Filter>
    </ClCompile>
    <ClCompile Include="LoggerBackends\BackendTxt.cpp">
      <Filter>Source Files\LoggerBackends</Filter>
    </ClCompile>
    <ClCompile Include="Memory\DefaultAllocator.cpp">
      <Filter>Source Files\Memory</Filter>
    </ClCompile>
  </ItemGroup>
  <ItemGroup>
    <None Include="Latch.hpp">
      <Filter>Header Files</Filter>
    </None>
  </ItemGroup>
</Project>