<?xml version="1.0" encoding="utf-8"?>
<Project ToolsVersion="4.0" xmlns="http://schemas.microsoft.com/developer/msbuild/2003">
  <ItemGroup>
    <ClCompile Include="PCH.cpp" />
    <ClCompile Include="Main.cpp" />
    <ClCompile Include="Constants.cpp" />
    <ClCompile Include="TestCases\Reflection\ReflectionFundamentalTypesTest.cpp">
      <Filter>TestCases\Reflection</Filter>
    </ClCompile>
    <ClCompile Include="TestCases\Reflection\ReflectionPolymorphicClassTest.cpp">
      <Filter>TestCases\Reflection</Filter>
    </ClCompile>
    <ClCompile Include="TestCases\Reflection\ReflectionTestCommon.cpp">
      <Filter>TestCases\Reflection</Filter>
    </ClCompile>
    <ClCompile Include="TestCases\Reflection\ReflectionClassTest.cpp">
      <Filter>TestCases\Reflection</Filter>
    </ClCompile>
    <ClCompile Include="TestCases\Reflection\ReflectionEnumTest.cpp">
      <Filter>TestCases\Reflection</Filter>
    </ClCompile>
    <ClCompile Include="TestCases\Math\MathTransformTest.cpp">
      <Filter>TestCases\Math</Filter>
    </ClCompile>
    <ClCompile Include="TestCases\Math\MathGeometryTest.cpp">
      <Filter>TestCases\Math</Filter>
    </ClCompile>
    <ClCompile Include="TestCases\Math\MathQuaternionTest.cpp">
      <Filter>TestCases\Math</Filter>
    </ClCompile>
    <ClCompile Include="TestCases\Math\MathBoxTest.cpp">
      <Filter>TestCases\Math</Filter>
    </ClCompile>
    <ClCompile Include="TestCases\Math\MathConversionsTest.cpp">
      <Filter>TestCases\Math</Filter>
    </ClCompile>
    <ClCompile Include="TestCases\Math\MathTest.cpp">
      <Filter>TestCases\Math</Filter>
    </ClCompile>
    <ClCompile Include="TestCases\Math\MathMatrix2Test.cpp">
      <Filter>TestCases\Math</Filter>
    </ClCompile>
    <ClCompile Include="TestCases\Math\MathMatrix3Test.cpp">
      <Filter>TestCases\Math</Filter>
    </ClCompile>
    <ClCompile Include="TestCases\Math\MathEquationSolverTest.cpp">
      <Filter>TestCases\Math</Filter>
    </ClCompile>
    <ClCompile Include="TestCases\Math\MathRayGeometryTest.cpp">
      <Filter>TestCases\Math</Filter>
    </ClCompile>
    <ClCompile Include="TestCases\Math\MathMatrix4Test.cpp">
      <Filter>TestCases\Math</Filter>
    </ClCompile>
    <ClCompile Include="TestCases\Containers\DequeTest.cpp">
      <Filter>TestCases\Containers</Filter>
    </ClCompile>
    <ClCompile Include="TestCases\Containers\SetTest.cpp">
      <Filter>TestCases\Containers</Filter>
    </ClCompile>
    <ClCompile Include="TestCases\Containers\SharedPtrTest.cpp">
      <Filter>TestCases\Containers</Filter>
    </ClCompile>
    <ClCompile Include="TestCases\Containers\StringTest.cpp">
      <Filter>TestCases\Containers</Filter>
    </ClCompile>
    <ClCompile Include="TestCases\Containers\StringViewTest.cpp">
      <Filter>TestCases\Containers</Filter>
    </ClCompile>
    <ClCompile Include="TestCases\Containers\UniquePtrTest.cpp">
      <Filter>TestCases\Containers</Filter>
    </ClCompile>
    <ClCompile Include="TestCases\Containers\WeakPtrTest.cpp">
      <Filter>TestCases\Containers</Filter>
    </ClCompile>
    <ClCompile Include="TestCases\Containers\ArrayViewTest.cpp">
      <Filter>TestCases\Containers</Filter>
    </ClCompile>
    <ClCompile Include="TestCases\Containers\DynArrayTest.cpp">
      <Filter>TestCases\Containers</Filter>
    </ClCompile>
    <ClCompile Include="TestCases\Containers\PackedArrayTest.cpp">
      <Filter>TestCases\Containers</Filter>
    </ClCompile>
    <ClCompile Include="TestCases\FileSystem\FileSystemTest.cpp">
      <Filter>TestCases\FileSystem</Filter>
    </ClCompile>
    <ClCompile Include="TestCases\FileSystem\FileTest.cpp">
      <Filter>TestCases\FileSystem</Filter>
    </ClCompile>
    <ClCompile Include="TestCases\FileSystem\DirectoryWatchTest.cpp">
      <Filter>TestCases\FileSystem</Filter>
    </ClCompile>
    <ClCompile Include="TestCases\FileSystem\FileAsyncTest.cpp">
      <Filter>TestCases\FileSystem</Filter>
    </ClCompile>
    <ClCompile Include="TestCases\FileSystem\FileBufferedTest.cpp">
      <Filter>TestCases\FileSystem</Filter>
    </ClCompile>
    <ClCompile Include="TestCases\Logger\LogGrouperTest.cpp">
      <Filter>TestCases\Logger</Filter>
    </ClCompile>
    <ClCompile Include="TestCases\Logger\LogScopeTest.cpp">
      <Filter>TestCases\Logger</Filter>
    </ClCompile>
    <ClCompile Include="TestCases\Logger\LoggerTest.cpp">
      <Filter>TestCases\Logger</Filter>
    </ClCompile>
    <ClCompile Include="TestCases\Memory\MemoryTest.cpp">
      <Filter>TestCases\Memory</Filter>
    </ClCompile>
    <ClCompile Include="TestCases\Memory\AlignedTest.cpp">
      <Filter>TestCases\Memory</Filter>
    </ClCompile>
    <ClCompile Include="TestCases\Utils\BVHTest.cpp">
      <Filter>TestCases\Utils</Filter>
    </ClCompile>
    <ClCompile Include="TestCases\Utils\MD5Test.cpp">
      <Filter>TestCases\Utils</Filter>
    </ClCompile>
    <ClCompile Include="TestCases\Utils\ThreadPoolSimpleTest.cpp">
      <Filter>TestCases\Utils</Filter>
    </ClCompile>
    <ClCompile Include="TestCases\Utils\ThreadPoolStressTest.cpp">
      <Filter>TestCases\Utils</Filter>
    </ClCompile>
    <ClCompile Include="TestCases\Utils\BitUtilsTest.cpp">
      <Filter>TestCases\Utils</Filter>
    </ClCompile>
    <ClCompile Include="TestCases\Utils\BufferInputStreamTest.cpp">
      <Filter>TestCases\Utils</Filter>
    </ClCompile>
    <ClCompile Include="TestCases\Utils\BufferOutputStreamTest.cpp">
      <Filter>TestCases\Utils</Filter>
    </ClCompile>
    <ClCompile Include="TestCases\Utils\LatchTest.cpp">
      <Filter>TestCases\Utils</Filter>
    </ClCompile>
    <ClCompile Include="TestCases\System\SystemInfoTest.cpp">
      <Filter>TestCases\System</Filter>
    </ClCompile>
    <ClCompile Include="TestCases\System\ThreadTest.cpp">
      <Filter>TestCases\System</Filter>
    </ClCompile>
    <ClCompile Include="TestCases\System\TimerTest.cpp">
      <Filter>TestCases\System</Filter>
    </ClCompile>
    <ClCompile Include="TestCases\System\WindowTest.cpp">
      <Filter>TestCases\System</Filter>
    </ClCompile>
    <ClCompile Include="TestCases\System\ConditionVariableTest.cpp">
      <Filter>TestCases\System</Filter>
    </ClCompile>
    <ClCompile Include="TestCases\Utils\ImageTest.cpp">
      <Filter>TestCases\Utils</Filter>
    </ClCompile>
    <ClCompile Include="TestCases\Utils\ConfigTest.cpp">
      <Filter>TestCases\Utils</Filter>
    </ClCompile>
    <ClCompile Include="TestCases\Utils\EnumIteratorTest.cpp">
      <Filter>TestCases\Utils</Filter>
    </ClCompile>
    <ClCompile Include="TestCases\Containers\MapTest.cpp">
      <Filter>TestCases\Containers</Filter>
    </ClCompile>
    <ClCompile Include="TestCases\Containers\HashMapTest.cpp">
      <Filter>TestCases\Containers</Filter>
    </ClCompile>
    <ClCompile Include="TestCases\Containers\SetTest_Containers.cpp">
      <Filter>TestCases\Containers</Filter>
    </ClCompile>
    <ClCompile Include="TestCases\Containers\DynArrayTest_Containers.cpp">
      <Filter>TestCases\Containers</Filter>
    </ClCompile>
    <ClCompile Include="TestCases\Containers\HashSetTest_Containers.cpp">
      <Filter>TestCases\Containers</Filter>
    </ClCompile>
    <ClCompile Include="TestCases\Containers\SharedPtrTest_Containers.cpp">
      <Filter>TestCases\Containers</Filter>
    </ClCompile>
    <ClCompile Include="TestCases\Containers\UniquePtrTest_Containers.cpp">
      <Filter>TestCases\Containers</Filter>
    </ClCompile>
    <ClCompile Include="TestCases\Containers\StaticArrayTest.cpp">
      <Filter>TestCases\Containers</Filter>
    </ClCompile>
    <ClCompile Include="TestCases\Utils\StringUtilsTest.cpp">
      <Filter>TestCases\Utils</Filter>
    </ClCompile>
    <ClCompile Include="TestCases\Math\MathTranscendental.cpp">
      <Filter>TestCases\Math</Filter>
    </ClCompile>
    <ClCompile Include="TestCases\System\SharedLockTest.cpp">
      <Filter>TestCases\System</Filter>
    </ClCompile>
    <ClCompile Include="TestCases\System\ExclusiveLockTest.cpp">
      <Filter>TestCases\System</Filter>
    </ClCompile>
    <ClCompile Include="TestCases\Math\RandomTest.cpp">
      <Filter>TestCases\Math</Filter>
    </ClCompile>
    <ClCompile Include="TestCases\Math\MathDistributionTest.cpp">
      <Filter>TestCases\Math</Filter>
    </ClCompile>
    <ClCompile Include="TestCases\Math\MathPackedTest.cpp">
      <Filter>TestCases\Math</Filter>
    </ClCompile>
    <ClCompile Include="TestCases\Reflection\ReflectionUniquePtrTest.cpp">
      <Filter>TestCases\Reflection</Filter>
    </ClCompile>
    <ClCompile Include="TestCases\Reflection\ReflectionSharedPtrTest.cpp">
      <Filter>TestCases\Reflection</Filter>
    </ClCompile>
    <ClCompile Include="TestCases\Math\MathVec4fTest.cpp">
      <Filter>TestCases\Math</Filter>
    </ClCompile>
    <ClCompile Include="TestCases\Math\MathVec8fTest.cpp">
      <Filter>TestCases\Math</Filter>
    </ClCompile>
    <ClCompile Include="TestCases\Math\MathVec4iTest.cpp">
      <Filter>TestCases\Math</Filter>
    </ClCompile>
    <ClCompile Include="TestCases\Math\MathVec8iTest.cpp">
      <Filter>TestCases\Math</Filter>
    </ClCompile>
    <ClCompile Include="TestCases\Math\MathVec2fTest.cpp">
      <Filter>TestCases\Math</Filter>
    </ClCompile>
    <ClCompile Include="TestCases\Math\MathVec4fUTest.cpp">
      <Filter>TestCases\Math</Filter>
    </ClCompile>
    <ClCompile Include="TestCases\Math\MathVec3fTest.cpp">
      <Filter>TestCases\Math</Filter>
    </ClCompile>
    <ClCompile Include="TestCases\Math\MathVec16fTest.cpp">
      <Filter>TestCases\Math</Filter>
    </ClCompile>
    <ClCompile Include="TestCases\Reflection\ReflectionSerializerTest.cpp">
      <Filter>TestCases\Reflection</Filter>
    </ClCompile>
    <ClCompile Include="TestCases\Utils\CompressedInt.cpp">
      <Filter>TestCases\Utils</Filter>
    </ClCompile>
  </ItemGroup>
  <ItemGroup>
    <ClInclude Include="PCH.hpp" />
    <ClInclude Include="Constants.hpp" />
    <ClInclude Include="TestClasses.hpp" />
    <ClInclude Include="TestCases\Reflection\ReflectionTestCommon.hpp">
      <Filter>TestCases\Reflection</Filter>
    </ClInclude>
  </ItemGroup>
  <ItemGroup>
    <Filter Include="TestCases">
      <UniqueIdentifier>{ddc87e8a-e935-4ca4-bf40-ac2cce4fc85b}</UniqueIdentifier>
    </Filter>
    <Filter Include="TestCases\Reflection">
      <UniqueIdentifier>{9a3d8919-e3a4-4cde-a54e-ede1ec8a38c4}</UniqueIdentifier>
    </Filter>
    <Filter Include="TestCases\Math">
      <UniqueIdentifier>{76bb7d67-f013-4acd-bc7b-a04d926bad3b}</UniqueIdentifier>
    </Filter>
    <Filter Include="TestCases\Containers">
      <UniqueIdentifier>{d0b56c4f-7ca4-4348-9f8d-d0e2714ed304}</UniqueIdentifier>
    </Filter>
    <Filter Include="TestCases\System">
      <UniqueIdentifier>{4ef51df5-d67c-4355-b391-1a23cba1493a}</UniqueIdentifier>
    </Filter>
    <Filter Include="TestCases\Utils">
      <UniqueIdentifier>{b9815eb8-3ea2-4fcb-b443-b585a70e951d}</UniqueIdentifier>
    </Filter>
    <Filter Include="TestCases\Logger">
      <UniqueIdentifier>{c5569081-7c29-458f-b81c-629d2e3d6cf9}</UniqueIdentifier>
    </Filter>
    <Filter Include="TestCases\FileSystem">
      <UniqueIdentifier>{2ed6bbb0-90bf-40ec-b4b1-8822e5a26f1a}</UniqueIdentifier>
    </Filter>
    <Filter Include="TestCases\Memory">
      <UniqueIdentifier>{94b45222-e0a0-41d4-b5f4-2176c63aacd3}</UniqueIdentifier>
    </Filter>
  </ItemGroup>
</Project>