<?xml version="1.0" encoding="utf-8"?>
<Project ToolsVersion="4.0" xmlns="http://schemas.microsoft.com/developer/msbuild/2003">
  <ItemGroup>
    <Filter Include="Config">
      <UniqueIdentifier>{bb617d16-c05c-47c9-bd7b-ab58710c8192}</UniqueIdentifier>
    </Filter>
    <Filter Include="Containers">
      <UniqueIdentifier>{f943b287-645f-4390-96ca-fe6c19094473}</UniqueIdentifier>
    </Filter>
    <Filter Include="Image">
      <UniqueIdentifier>{9a6e8826-c73c-4e8e-9f14-8d10da825d2a}</UniqueIdentifier>
    </Filter>
    <Filter Include="Logger">
      <UniqueIdentifier>{97f92f5c-59c9-4ced-8178-c132205ba29b}</UniqueIdentifier>
    </Filter>
    <Filter Include="Memory">
      <UniqueIdentifier>{328d644f-c676-4afc-9afc-e187f4999c98}</UniqueIdentifier>
    </Filter>
    <Filter Include="Math">
      <UniqueIdentifier>{48b04ae9-ceb7-4b42-bfca-3c624ca936f7}</UniqueIdentifier>
    </Filter>
    <Filter Include="System">
      <UniqueIdentifier>{f54b2f1c-c287-4ba3-adc8-f5b73876c24f}</UniqueIdentifier>
    </Filter>
    <Filter Include="Utils">
      <UniqueIdentifier>{64e965ff-fa3f-422d-b5ba-a763ce48985b}</UniqueIdentifier>
    </Filter>
    <Filter Include="Logger\Backends">
      <UniqueIdentifier>{d58b4e54-eb13-4338-941f-e18bacf8ac4a}</UniqueIdentifier>
    </Filter>
    <Filter Include="FileSystem">
      <UniqueIdentifier>{f0641d02-205b-4fa4-8829-3ddb94e9aff8}</UniqueIdentifier>
    </Filter>
    <Filter Include="Reflection">
      <UniqueIdentifier>{78236db4-ac7a-433f-b752-beb3ff950afc}</UniqueIdentifier>
    </Filter>
    <Filter Include="Reflection\Types">
      <UniqueIdentifier>{05329a90-3726-4c05-b027-b118b9738d62}</UniqueIdentifier>
    </Filter>
    <Filter Include="Reflection\Test">
      <UniqueIdentifier>{08e600f2-4daa-4dbb-b2b2-6fcd5501fb2a}</UniqueIdentifier>
    </Filter>
    <Filter Include="Containers\Iterators">
      <UniqueIdentifier>{51fafc6d-ed35-48ef-8818-d037d9db3688}</UniqueIdentifier>
    </Filter>
    <Filter Include="Utils\Stream">
      <UniqueIdentifier>{9f5875f6-f364-4661-95d5-dea0cdf282d3}</UniqueIdentifier>
    </Filter>
  </ItemGroup>
  <ItemGroup>
    <ClInclude Include="nfCommon.hpp" />
    <ClInclude Include="PCH.hpp" />
    <ClInclude Include="Config\ConfigDataTranslator.hpp">
      <Filter>Config</Filter>
    </ClInclude>
    <ClInclude Include="Config\ConfigTokenizer.hpp">
      <Filter>Config</Filter>
    </ClInclude>
    <ClInclude Include="Config\Config.hpp">
      <Filter>Config</Filter>
    </ClInclude>
    <ClInclude Include="Config\ConfigValue.hpp">
      <Filter>Config</Filter>
    </ClInclude>
    <ClInclude Include="Config\ConfigCommon.hpp">
      <Filter>Config</Filter>
    </ClInclude>
    <ClInclude Include="Containers\PackedArray.hpp">
      <Filter>Containers</Filter>
    </ClInclude>
    <ClInclude Include="Containers\PackedArrayImpl.hpp">
      <Filter>Containers</Filter>
    </ClInclude>
    <ClInclude Include="Image\ImageBMP.hpp">
      <Filter>Image</Filter>
    </ClInclude>
    <ClInclude Include="Image\ImageDDS.hpp">
      <Filter>Image</Filter>
    </ClInclude>
    <ClInclude Include="Image\ImageFormat.hpp">
      <Filter>Image</Filter>
    </ClInclude>
    <ClInclude Include="Image\ImageJPG.hpp">
      <Filter>Image</Filter>
    </ClInclude>
    <ClInclude Include="Image\ImagePNG.hpp">
      <Filter>Image</Filter>
    </ClInclude>
    <ClInclude Include="Image\ImageType.hpp">
      <Filter>Image</Filter>
    </ClInclude>
    <ClInclude Include="Image\Mipmap.hpp">
      <Filter>Image</Filter>
    </ClInclude>
    <ClInclude Include="Image\Image.hpp">
      <Filter>Image</Filter>
    </ClInclude>
    <ClInclude Include="Logger\Logger.hpp">
      <Filter>Logger</Filter>
    </ClInclude>
    <ClInclude Include="Logger\LogGrouper.hpp">
      <Filter>Logger</Filter>
    </ClInclude>
    <ClInclude Include="Logger\LogScope.hpp">
      <Filter>Logger</Filter>
    </ClInclude>
    <ClInclude Include="Logger\Backends\BackendCommon.hpp">
      <Filter>Logger\Backends</Filter>
    </ClInclude>
    <ClInclude Include="Logger\Backends\BackendConsole.hpp">
      <Filter>Logger\Backends</Filter>
    </ClInclude>
    <ClInclude Include="Logger\Backends\BackendHTML.hpp">
      <Filter>Logger\Backends</Filter>
    </ClInclude>
    <ClInclude Include="Logger\Backends\BackendTxt.hpp">
      <Filter>Logger\Backends</Filter>
    </ClInclude>
    <ClInclude Include="Logger\Backends\BackendXML.hpp">
      <Filter>Logger\Backends</Filter>
    </ClInclude>
    <ClInclude Include="Logger\Backends\Windows\BackendWindowsDebugger.hpp">
      <Filter>Logger\Backends</Filter>
    </ClInclude>
    <ClInclude Include="Memory\DefaultAllocator.hpp">
      <Filter>Memory</Filter>
    </ClInclude>
    <ClInclude Include="Memory\Aligned.hpp">
      <Filter>Memory</Filter>
    </ClInclude>
    <ClInclude Include="Memory\Buffer.hpp">
      <Filter>Memory</Filter>
    </ClInclude>
    <ClInclude Include="Utils\BVH.hpp">
      <Filter>Utils</Filter>
    </ClInclude>
    <ClInclude Include="Utils\EnumIterator.hpp">
      <Filter>Utils</Filter>
    </ClInclude>
    <ClInclude Include="Utils\MD5.hpp">
      <Filter>Utils</Filter>
    </ClInclude>
    <ClInclude Include="Utils\ThreadPool.hpp">
      <Filter>Utils</Filter>
    </ClInclude>
    <ClInclude Include="Utils\ThreadPoolTask.hpp">
      <Filter>Utils</Filter>
    </ClInclude>
    <ClInclude Include="FileSystem\DirectoryWatch.hpp">
      <Filter>FileSystem</Filter>
    </ClInclude>
    <ClInclude Include="FileSystem\File.hpp">
      <Filter>FileSystem</Filter>
    </ClInclude>
    <ClInclude Include="FileSystem\FileAsync.hpp">
      <Filter>FileSystem</Filter>
    </ClInclude>
    <ClInclude Include="FileSystem\FileBuffered.hpp">
      <Filter>FileSystem</Filter>
    </ClInclude>
    <ClInclude Include="FileSystem\FileSystem.hpp">
      <Filter>FileSystem</Filter>
    </ClInclude>
    <ClInclude Include="Utils\Latch.hpp">
      <Filter>Utils</Filter>
    </ClInclude>
    <ClCompile Include="System\Windows\AssertionWindows.cpp">
      <Filter>System</Filter>
    </ClCompile>
    <ClInclude Include="System\Windows\AsyncQueueManager.hpp">
      <Filter>System</Filter>
    </ClInclude>
    <ClInclude Include="System\Windows\Common.hpp">
      <Filter>System</Filter>
    </ClInclude>
    <ClInclude Include="System\Windows\Console.hpp">
      <Filter>System</Filter>
    </ClInclude>
    <ClInclude Include="System\Assertion.hpp">
      <Filter>System</Filter>
    </ClInclude>
    <ClInclude Include="System\AsyncQueueManager.hpp">
      <Filter>System</Filter>
    </ClInclude>
    <ClInclude Include="System\Console.hpp">
      <Filter>System</Filter>
    </ClInclude>
    <ClInclude Include="System\KeyCodes.hpp">
      <Filter>System</Filter>
    </ClInclude>
    <ClInclude Include="System\Library.hpp">
      <Filter>System</Filter>
    </ClInclude>
    <ClInclude Include="System\SystemInfo.hpp">
      <Filter>System</Filter>
    </ClInclude>
    <ClInclude Include="System\SystemInfoConstants.hpp">
      <Filter>System</Filter>
    </ClInclude>
    <ClInclude Include="System\Thread.hpp">
      <Filter>System</Filter>
    </ClInclude>
    <ClInclude Include="System\Timer.hpp">
      <Filter>System</Filter>
    </ClInclude>
    <ClInclude Include="System\Window.hpp">
      <Filter>System</Filter>
    </ClInclude>
    <ClInclude Include="System\Memory.hpp">
      <Filter>System</Filter>
    </ClInclude>
    <ClInclude Include="Containers\Deque.hpp">
      <Filter>Containers</Filter>
    </ClInclude>
    <ClInclude Include="Containers\DequeImpl.hpp">
      <Filter>Containers</Filter>
    </ClInclude>
    <ClInclude Include="Containers\Comparator.hpp">
      <Filter>Containers</Filter>
    </ClInclude>
    <ClInclude Include="Containers\Set.hpp">
      <Filter>Containers</Filter>
    </ClInclude>
    <ClInclude Include="Containers\SetImpl.hpp">
      <Filter>Containers</Filter>
    </ClInclude>
    <ClInclude Include="Containers\ArrayViewImpl.hpp">
      <Filter>Containers</Filter>
    </ClInclude>
    <ClInclude Include="Containers\ArrayView.hpp">
      <Filter>Containers</Filter>
    </ClInclude>
    <ClInclude Include="Containers\DynArray.hpp">
      <Filter>Containers</Filter>
    </ClInclude>
    <ClInclude Include="Containers\DynArrayImpl.hpp">
      <Filter>Containers</Filter>
    </ClInclude>
    <ClInclude Include="Containers\StringView.hpp">
      <Filter>Containers</Filter>
    </ClInclude>
    <ClInclude Include="Containers\StringViewImpl.hpp">
      <Filter>Containers</Filter>
    </ClInclude>
    <ClInclude Include="Containers\String.hpp">
      <Filter>Containers</Filter>
    </ClInclude>
    <ClInclude Include="Containers\StringImpl.hpp">
      <Filter>Containers</Filter>
    </ClInclude>
    <ClInclude Include="ForwardDeclarations.hpp" />
    <ClInclude Include="Utils\BitUtils.hpp">
      <Filter>Utils</Filter>
    </ClInclude>
    <ClInclude Include="Utils\BitUtilsImplWindowsAVX.hpp">
      <Filter>Utils</Filter>
    </ClInclude>
    <ClInclude Include="Utils\BitUtilsImplCommon.hpp">
      <Filter>Utils</Filter>
    </ClInclude>
    <ClInclude Include="Reflection\ReflectionMember.hpp">
      <Filter>Reflection</Filter>
    </ClInclude>
    <ClInclude Include="Reflection\ReflectionTypeRegistry.hpp">
      <Filter>Reflection</Filter>
    </ClInclude>
    <ClInclude Include="Reflection\ReflectionUtils.hpp">
      <Filter>Reflection</Filter>
    </ClInclude>
    <ClInclude Include="Reflection\Types\ReflectionClassType.hpp">
      <Filter>Reflection\Types</Filter>
    </ClInclude>
    <ClInclude Include="Reflection\Types\ReflectionType.hpp">
      <Filter>Reflection\Types</Filter>
    </ClInclude>
    <ClInclude Include="Reflection\Types\ReflectionFundamentalType.hpp">
      <Filter>Reflection\Types</Filter>
    </ClInclude>
    <ClInclude Include="Reflection\Types\ReflectionDynArrayType.hpp">
      <Filter>Reflection\Types</Filter>
    </ClInclude>
    <ClInclude Include="Reflection\Types\ReflectionNativeArrayType.hpp">
      <Filter>Reflection\Types</Filter>
    </ClInclude>
    <ClInclude Include="Reflection\Types\ReflectionUniquePtrType.hpp">
      <Filter>Reflection\Types</Filter>
    </ClInclude>
    <ClInclude Include="Reflection\Types\ReflectionStringType.hpp">
      <Filter>Reflection\Types</Filter>
    </ClInclude>
    <ClInclude Include="Containers\UniquePtr.hpp">
      <Filter>Containers</Filter>
    </ClInclude>
    <ClInclude Include="Containers\UniquePtrImpl.hpp">
      <Filter>Containers</Filter>
    </ClInclude>
    <ClInclude Include="Utils\ScopedLock.hpp">
      <Filter>Utils</Filter>
    </ClInclude>
    <ClInclude Include="System\RWLock.hpp">
      <Filter>System</Filter>
    </ClInclude>
    <ClInclude Include="System\Windows\RWLockImpl.hpp">
      <Filter>System</Filter>
    </ClInclude>
    <ClInclude Include="System\Mutex.hpp">
      <Filter>System</Filter>
    </ClInclude>
    <ClInclude Include="System\Windows\MutexImpl.hpp">
      <Filter>System</Filter>
    </ClInclude>
    <ClInclude Include="System\ConditionVariable.hpp">
      <Filter>System</Filter>
    </ClInclude>
    <ClInclude Include="System\Windows\ConditionVariableImpl.hpp">
      <Filter>System</Filter>
    </ClInclude>
    <ClInclude Include="Containers\SharedPtr.hpp">
      <Filter>Containers</Filter>
    </ClInclude>
    <ClInclude Include="Containers\SharedPtrImpl.hpp">
      <Filter>Containers</Filter>
    </ClInclude>
    <ClInclude Include="Containers\SharedPtrData.hpp">
      <Filter>Containers</Filter>
    </ClInclude>
    <ClInclude Include="Containers\WeakPtr.hpp">
      <Filter>Containers</Filter>
    </ClInclude>
    <ClInclude Include="Containers\WeakPtrImpl.hpp">
      <Filter>Containers</Filter>
    </ClInclude>
    <ClInclude Include="Containers\SharedPtrBase.hpp">
      <Filter>Containers</Filter>
    </ClInclude>
    <ClInclude Include="Utils\BitUtilsImplNative.hpp">
      <Filter>Utils</Filter>
    </ClInclude>
    <ClInclude Include="Reflection\Types\ReflectionEnumType.hpp">
      <Filter>Reflection\Types</Filter>
    </ClInclude>
    <ClInclude Include="Reflection\ReflectionEnumMacros.hpp">
      <Filter>Reflection</Filter>
    </ClInclude>
    <ClInclude Include="Memory\MemoryHelpers.hpp">
      <Filter>Memory</Filter>
    </ClInclude>
    <ClInclude Include="Containers\Map.hpp">
      <Filter>Containers</Filter>
    </ClInclude>
    <ClInclude Include="Containers\MapImpl.hpp">
      <Filter>Containers</Filter>
    </ClInclude>
    <ClInclude Include="Containers\HashSet.hpp">
      <Filter>Containers</Filter>
    </ClInclude>
    <ClInclude Include="Containers\HashSetImpl.hpp">
      <Filter>Containers</Filter>
    </ClInclude>
    <ClInclude Include="Containers\Hash.hpp">
      <Filter>Containers</Filter>
    </ClInclude>
    <ClInclude Include="Containers\HashMap.hpp">
      <Filter>Containers</Filter>
    </ClInclude>
    <ClInclude Include="Containers\HashMapImpl.hpp">
      <Filter>Containers</Filter>
    </ClInclude>
    <ClInclude Include="Containers\StaticArray.hpp">
      <Filter>Containers</Filter>
    </ClInclude>
    <ClInclude Include="Containers\StaticArrayImpl.hpp">
      <Filter>Containers</Filter>
    </ClInclude>
    <ClInclude Include="Containers\Iterators\ArrayIterator.hpp">
      <Filter>Containers\Iterators</Filter>
    </ClInclude>
    <ClInclude Include="Containers\Iterators\ArrayIteratorImpl.hpp">
      <Filter>Containers\Iterators</Filter>
    </ClInclude>
    <ClInclude Include="Utils\StringUtils.hpp">
      <Filter>Utils</Filter>
    </ClInclude>
    <ClInclude Include="Logger\LoggerBackend.hpp">
      <Filter>Logger</Filter>
    </ClInclude>
    <ClInclude Include="Logger\LoggerImpl.hpp">
      <Filter>Logger</Filter>
    </ClInclude>
    <ClInclude Include="System\SpinLock.hpp">
      <Filter>System</Filter>
    </ClInclude>
    <ClInclude Include="System\SpinLockImpl.hpp">
      <Filter>System</Filter>
    </ClInclude>
    <ClInclude Include="System\RWSpinLock.hpp">
      <Filter>System</Filter>
    </ClInclude>
    <ClInclude Include="System\RWSpinLockImpl.hpp">
      <Filter>System</Filter>
    </ClInclude>
    <ClInclude Include="Math\RayGeometry.hpp">
      <Filter>Math</Filter>
    </ClInclude>
    <ClInclude Include="Math\Rectangle.hpp">
      <Filter>Math</Filter>
    </ClInclude>
    <ClInclude Include="Math\SamplingHelpers.hpp">
      <Filter>Math</Filter>
    </ClInclude>
    <ClInclude Include="Math\Sphere.hpp">
      <Filter>Math</Filter>
    </ClInclude>
    <ClInclude Include="Math\SphericalQuad.hpp">
      <Filter>Math</Filter>
    </ClInclude>
    <ClInclude Include="Math\Transcendental.hpp">
      <Filter>Math</Filter>
    </ClInclude>
    <ClInclude Include="Math\TranscendentalImpl.hpp">
      <Filter>Math</Filter>
    </ClInclude>
    <ClInclude Include="Math\Transform.hpp">
      <Filter>Math</Filter>
    </ClInclude>
    <ClInclude Include="Math\Triangle.hpp">
      <Filter>Math</Filter>
    </ClInclude>
    <ClInclude Include="Math\Utils.hpp">
      <Filter>Math</Filter>
    </ClInclude>
    <ClInclude Include="Math\Box.hpp">
      <Filter>Math</Filter>
    </ClInclude>
    <ClInclude Include="Math\Constants.hpp">
      <Filter>Math</Filter>
    </ClInclude>
    <ClInclude Include="Math\Conversions.hpp">
      <Filter>Math</Filter>
    </ClInclude>
    <ClInclude Include="Math\Distribution.hpp">
      <Filter>Math</Filter>
    </ClInclude>
    <ClInclude Include="Math\EquationSolver.hpp">
      <Filter>Math</Filter>
    </ClInclude>
    <ClInclude Include="Math\Frustum.hpp">
      <Filter>Math</Filter>
    </ClInclude>
    <ClInclude Include="Math\Geometry.hpp">
      <Filter>Math</Filter>
    </ClInclude>
    <ClInclude Include="Math\Half.hpp">
      <Filter>Math</Filter>
    </ClInclude>
    <ClInclude Include="Math\HalfImpl.hpp">
      <Filter>Math</Filter>
    </ClInclude>
    <ClInclude Include="Math\Math.hpp">
      <Filter>Math</Filter>
    </ClInclude>
    <ClInclude Include="Math\Matrix2.hpp">
      <Filter>Math</Filter>
    </ClInclude>
    <ClInclude Include="Math\Matrix2Impl.hpp">
      <Filter>Math</Filter>
    </ClInclude>
    <ClInclude Include="Math\Matrix3.hpp">
      <Filter>Math</Filter>
    </ClInclude>
    <ClInclude Include="Math\Matrix3Impl.hpp">
      <Filter>Math</Filter>
    </ClInclude>
    <ClInclude Include="Math\Matrix4.hpp">
      <Filter>Math</Filter>
    </ClInclude>
    <ClInclude Include="Math\Packed.hpp">
      <Filter>Math</Filter>
    </ClInclude>
    <ClInclude Include="Math\Plane.hpp">
      <Filter>Math</Filter>
    </ClInclude>
    <ClInclude Include="Math\PlaneImpl.hpp">
      <Filter>Math</Filter>
    </ClInclude>
    <ClInclude Include="Math\Quaternion.hpp">
      <Filter>Math</Filter>
    </ClInclude>
    <ClInclude Include="Math\QuaternionImpl.hpp">
      <Filter>Math</Filter>
    </ClInclude>
    <ClInclude Include="Math\Random.hpp">
      <Filter>Math</Filter>
    </ClInclude>
    <ClInclude Include="Math\Ray.hpp">
      <Filter>Math</Filter>
    </ClInclude>
    <ClInclude Include="Utils\Entropy.hpp">
      <Filter>Utils</Filter>
    </ClInclude>
    <ClInclude Include="Utils\TaskBuilder.hpp" />
    <ClInclude Include="Utils\Waitable.hpp" />
    <ClInclude Include="Utils\FundamentalTypesUnion.hpp" />
    <ClInclude Include="Math\ColorHelpers.hpp" />
    <ClInclude Include="Utils\ParallelAlgorithms.hpp" />
    <ClInclude Include="Math\Vec4f.hpp">
      <Filter>Math</Filter>
    </ClInclude>
    <ClInclude Include="Math\Vec4fImpl.hpp">
      <Filter>Math</Filter>
    </ClInclude>
    <ClInclude Include="Math\Vec4fImplNaive.hpp">
      <Filter>Math</Filter>
    </ClInclude>
    <ClInclude Include="Math\Vec4fImplSSE.hpp">
      <Filter>Math</Filter>
    </ClInclude>
    <ClInclude Include="Math\Vec4i.hpp">
      <Filter>Math</Filter>
    </ClInclude>
    <ClInclude Include="Math\Vec4iImplSSE.hpp">
      <Filter>Math</Filter>
    </ClInclude>
    <ClInclude Include="Math\Vec4iImplNaive.hpp">
      <Filter>Math</Filter>
    </ClInclude>
    <ClInclude Include="Math\Vec8f.hpp">
      <Filter>Math</Filter>
    </ClInclude>
    <ClInclude Include="Math\Vec8fImplAVX.hpp">
      <Filter>Math</Filter>
    </ClInclude>
    <ClInclude Include="Math\Vec8fImplNaive.hpp">
      <Filter>Math</Filter>
    </ClInclude>
    <ClInclude Include="Math\Vec8fImplCommon.hpp">
      <Filter>Math</Filter>
    </ClInclude>
    <ClInclude Include="Math\Vec8iImplNaive.hpp">
      <Filter>Math</Filter>
    </ClInclude>
    <ClInclude Include="Math\Vec8iImplAVX2.hpp">
      <Filter>Math</Filter>
    </ClInclude>
    <ClInclude Include="Math\Vec8i.hpp">
      <Filter>Math</Filter>
    </ClInclude>
    <ClInclude Include="Math\Vec16f.hpp">
      <Filter>Math</Filter>
    </ClInclude>
    <ClInclude Include="Math\Vec16fImplAVX512.hpp">
      <Filter>Math</Filter>
    </ClInclude>
    <ClInclude Include="Math\Vec2f.hpp">
      <Filter>Math</Filter>
    </ClInclude>
    <ClInclude Include="Math\Vec2fImpl.hpp">
      <Filter>Math</Filter>
    </ClInclude>
    <ClInclude Include="Math\Vec3f.hpp">
      <Filter>Math</Filter>
    </ClInclude>
    <ClInclude Include="Math\Vec3fImpl.hpp">
      <Filter>Math</Filter>
    </ClInclude>
    <ClInclude Include="Math\Vec4fU.hpp">
      <Filter>Math</Filter>
    </ClInclude>
    <ClInclude Include="Math\Vec4fUImpl.hpp">
      <Filter>Math</Filter>
    </ClInclude>
    <ClInclude Include="Math\PackedLoadVec4f.hpp">
      <Filter>Math</Filter>
    </ClInclude>
    <ClInclude Include="Math\SimdRay.hpp">
      <Filter>Math</Filter>
    </ClInclude>
    <ClInclude Include="Math\SimdTriangle.hpp">
      <Filter>Math</Filter>
    </ClInclude>
    <ClInclude Include="Math\SimdBox.hpp">
      <Filter>Math</Filter>
    </ClInclude>
    <ClInclude Include="Math\SimdGeometry.hpp">
      <Filter>Math</Filter>
    </ClInclude>
    <ClInclude Include="Math\Vec2x16f.hpp">
      <Filter>Math</Filter>
    </ClInclude>
    <ClInclude Include="Math\Vec3x16f.hpp">
      <Filter>Math</Filter>
    </ClInclude>
    <ClInclude Include="Math\Vec3x8f.hpp">
      <Filter>Math</Filter>
    </ClInclude>
    <ClInclude Include="Math\Vec2x4f.hpp">
      <Filter>Math</Filter>
    </ClInclude>
    <ClInclude Include="Math\Vec2x8f.hpp">
      <Filter>Math</Filter>
    </ClInclude>
    <ClInclude Include="Math\Vec3x4f.hpp">
      <Filter>Math</Filter>
    </ClInclude>
    <ClInclude Include="Math\PackedLoadVec8f.hpp">
      <Filter>Math</Filter>
    </ClInclude>
    <ClInclude Include="Reflection\Types\ReflectionPointerType.hpp">
      <Filter>Reflection\Types</Filter>
    </ClInclude>
    <ClInclude Include="Reflection\Types\ReflectionSharedPtrType.hpp">
      <Filter>Reflection\Types</Filter>
    </ClInclude>
    <ClInclude Include="Reflection\ReflectionClassDeclare.hpp">
      <Filter>Reflection</Filter>
    </ClInclude>
    <ClInclude Include="Reflection\ReflectionClassDefine.hpp">
      <Filter>Reflection</Filter>
    </ClInclude>
    <ClInclude Include="Reflection\ReflectionMemberMetadataBuilder.hpp">
      <Filter>Reflection</Filter>
    </ClInclude>
    <ClInclude Include="Reflection\ReflectionTypeResolver.hpp">
      <Filter>Reflection</Filter>
    </ClInclude>
    <ClInclude Include="Reflection\Object.hpp">
      <Filter>Reflection</Filter>
    </ClInclude>
    <ClInclude Include="Math\HdrColor.hpp">
      <Filter>Math</Filter>
    </ClInclude>
    <ClInclude Include="Math\HilbertCurve.hpp">
      <Filter>Math</Filter>
    </ClInclude>
    <ClInclude Include="Math\LdrColor.hpp">
      <Filter>Math</Filter>
    </ClInclude>
    <ClInclude Include="Math\Vec16i.hpp">
      <Filter>Math</Filter>
    </ClInclude>
    <ClInclude Include="Math\Vec16iImplAVX512.hpp">
      <Filter>Math</Filter>
    </ClInclude>
    <ClInclude Include="Math\Vec16fImplNaive.hpp">
      <Filter>Math</Filter>
    </ClInclude>
    <ClInclude Include="Math\Vec16iImplNaive.hpp">
      <Filter>Math</Filter>
    </ClInclude>
    <ClInclude Include="Config\ConfigInterface.hpp">
      <Filter>Config</Filter>
    </ClInclude>
    <ClInclude Include="Reflection\SerializationContext.hpp">
      <Filter>Reflection</Filter>
    </ClInclude>
    <ClInclude Include="Utils\Stream\InputStream.hpp">
      <Filter>Utils\Stream</Filter>
    </ClInclude>
    <ClInclude Include="Utils\Stream\FileInputStream.hpp">
      <Filter>Utils\Stream</Filter>
    </ClInclude>
    <ClInclude Include="Utils\Stream\FileOutputStream.hpp">
      <Filter>Utils\Stream</Filter>
    </ClInclude>
    <ClInclude Include="Utils\CompressedInt.hpp">
      <Filter>Utils</Filter>
    </ClInclude>
    <ClInclude Include="Utils\Stream\OutputStream.hpp">
      <Filter>Utils\Stream</Filter>
    </ClInclude>
    <ClInclude Include="Utils\Stream\BufferOutputStream.hpp">
      <Filter>Utils\Stream</Filter>
    </ClInclude>
    <ClInclude Include="Utils\Stream\BufferInputStream.hpp">
      <Filter>Utils\Stream</Filter>
    </ClInclude>
    <ClInclude Include="Reflection\Types\ReflectionArrayType.hpp">
      <Filter>Reflection\Types</Filter>
    </ClInclude>
    <ClInclude Include="Reflection\Serializer.hpp">
      <Filter>Reflection</Filter>
    </ClInclude>
    <ClInclude Include="Utils\LanguageUtils.hpp">
      <Filter>Utils</Filter>
    </ClInclude>
    <ClInclude Include="Reflection\ReflectionUnitTestHelper.hpp">
      <Filter>Reflection</Filter>
    </ClInclude>
    <ClInclude Include="Utils\Stream\StreamCommon.hpp">
      <Filter>Utils\Stream</Filter>
    </ClInclude>
    <ClInclude Include="Reflection\ReflectionVariant.hpp">
      <Filter>Reflection</Filter>
    </ClInclude>
    <ClInclude Include="Reflection\ReflectionMemberPath.hpp">
      <Filter>Reflection</Filter>
    </ClInclude>
    <ClInclude Include="Reflection\Types\ReflectionStaticArrayType.hpp">
      <Filter>Reflection\Types</Filter>
    </ClInclude>
    <ClInclude Include="Containers\FixedArray.hpp">
      <Filter>Containers</Filter>
    </ClInclude>
    <ClInclude Include="Containers\FixedArrayImpl.hpp">
      <Filter>Containers</Filter>
    </ClInclude>
    <ClInclude Include="Reflection\Types\ReflectionResizableArrayType.hpp">
      <Filter>Reflection\Types</Filter>
    </ClInclude>
  </ItemGroup>
  <ItemGroup>
    <ClCompile Include="PCH.cpp" />
    <ClCompile Include="Config\ConfigTokenizer.cpp">
      <Filter>Config</Filter>
    </ClCompile>
    <ClCompile Include="Config\Config.cpp">
      <Filter>Config</Filter>
    </ClCompile>
    <ClCompile Include="Config\ConfigValue.cpp">
      <Filter>Config</Filter>
    </ClCompile>
    <ClCompile Include="Image\ImageBMP.cpp">
      <Filter>Image</Filter>
    </ClCompile>
    <ClCompile Include="Image\ImageDDS.cpp">
      <Filter>Image</Filter>
    </ClCompile>
    <ClCompile Include="Image\ImageFormat.cpp">
      <Filter>Image</Filter>
    </ClCompile>
    <ClCompile Include="Image\ImageJPG.cpp">
      <Filter>Image</Filter>
    </ClCompile>
    <ClCompile Include="Image\ImagePNG.cpp">
      <Filter>Image</Filter>
    </ClCompile>
    <ClCompile Include="Image\ImageType.cpp">
      <Filter>Image</Filter>
    </ClCompile>
    <ClCompile Include="Image\Mipmap.cpp">
      <Filter>Image</Filter>
    </ClCompile>
    <ClCompile Include="Image\Image.cpp">
      <Filter>Image</Filter>
    </ClCompile>
    <ClCompile Include="Logger\Logger.cpp">
      <Filter>Logger</Filter>
    </ClCompile>
    <ClCompile Include="Logger\LogGrouper.cpp">
      <Filter>Logger</Filter>
    </ClCompile>
    <ClCompile Include="Logger\LogScope.cpp">
      <Filter>Logger</Filter>
    </ClCompile>
    <ClCompile Include="Logger\Backends\BackendConsole.cpp">
      <Filter>Logger\Backends</Filter>
    </ClCompile>
    <ClCompile Include="Logger\Backends\BackendHTML.cpp">
      <Filter>Logger\Backends</Filter>
    </ClCompile>
    <ClCompile Include="Logger\Backends\BackendTxt.cpp">
      <Filter>Logger\Backends</Filter>
    </ClCompile>
    <ClCompile Include="Logger\Backends\BackendXML.cpp">
      <Filter>Logger\Backends</Filter>
    </ClCompile>
    <ClCompile Include="Logger\Backends\Windows\BackendWindowsDebugger.cpp">
      <Filter>Logger\Backends</Filter>
    </ClCompile>
    <ClCompile Include="Memory\DefaultAllocator.cpp">
      <Filter>Memory</Filter>
    </ClCompile>
    <ClCompile Include="Memory\Buffer.cpp">
      <Filter>Memory</Filter>
    </ClCompile>
    <ClCompile Include="Utils\BVH.cpp">
      <Filter>Utils</Filter>
    </ClCompile>
    <ClCompile Include="Utils\MD5.cpp">
      <Filter>Utils</Filter>
    </ClCompile>
    <ClCompile Include="Utils\ThreadPoolTask.cpp">
      <Filter>Utils</Filter>
    </ClCompile>
    <ClCompile Include="Utils\ThreadPool.cpp">
      <Filter>Utils</Filter>
    </ClCompile>
    <ClCompile Include="FileSystem\FileAsync.cpp">
      <Filter>FileSystem</Filter>
    </ClCompile>
    <ClCompile Include="FileSystem\FileBuffered.cpp">
      <Filter>FileSystem</Filter>
    </ClCompile>
    <ClCompile Include="FileSystem\FileSystemCommon.cpp">
      <Filter>FileSystem</Filter>
    </ClCompile>
    <ClCompile Include="FileSystem\Windows\File.cpp">
      <Filter>FileSystem</Filter>
    </ClCompile>
    <ClCompile Include="FileSystem\Windows\FileAsyncPlatform.cpp">
      <Filter>FileSystem</Filter>
    </ClCompile>
    <ClCompile Include="FileSystem\Windows\FileSystem.cpp">
      <Filter>FileSystem</Filter>
    </ClCompile>
    <ClCompile Include="FileSystem\Windows\DirectoryWatch.cpp">
      <Filter>FileSystem</Filter>
    </ClCompile>
    <ClCompile Include="Utils\Latch.cpp">
      <Filter>Utils</Filter>
    </ClCompile>
    <ClCompile Include="System\Windows\AsyncQueueManager.cpp">
      <Filter>System</Filter>
    </ClCompile>
    <ClCompile Include="System\Windows\Common.cpp">
      <Filter>System</Filter>
    </ClCompile>
    <ClCompile Include="System\Windows\Console.cpp">
      <Filter>System</Filter>
    </ClCompile>
    <ClCompile Include="System\Windows\Library.cpp">
      <Filter>System</Filter>
    </ClCompile>
    <ClCompile Include="System\Windows\Main.cpp">
      <Filter>System</Filter>
    </ClCompile>
    <ClCompile Include="System\Windows\Memory.cpp">
      <Filter>System</Filter>
    </ClCompile>
    <ClCompile Include="System\Windows\SystemInfoPlatform.cpp">
      <Filter>System</Filter>
    </ClCompile>
    <ClCompile Include="System\Windows\Thread.cpp">
      <Filter>System</Filter>
    </ClCompile>
    <ClCompile Include="System\Windows\Timer.cpp">
      <Filter>System</Filter>
    </ClCompile>
    <ClCompile Include="System\Windows\Window.cpp">
      <Filter>System</Filter>
    </ClCompile>
    <ClCompile Include="System\Assertion.cpp">
      <Filter>System</Filter>
    </ClCompile>
    <ClCompile Include="System\SystemInfo.cpp">
      <Filter>System</Filter>
    </ClCompile>
    <ClCompile Include="Containers\StringView.cpp">
      <Filter>Containers</Filter>
    </ClCompile>
    <ClCompile Include="Containers\String.cpp">
      <Filter>Containers</Filter>
    </ClCompile>
    <ClCompile Include="Reflection\ReflectionTypeRegistry.cpp">
      <Filter>Reflection</Filter>
    </ClCompile>
    <ClCompile Include="Reflection\Types\ReflectionType.cpp">
      <Filter>Reflection\Types</Filter>
    </ClCompile>
    <ClCompile Include="Reflection\Types\ReflectionClassType.cpp">
      <Filter>Reflection\Types</Filter>
    </ClCompile>
    <ClCompile Include="Reflection\Types\ReflectionStringType.cpp">
      <Filter>Reflection\Types</Filter>
    </ClCompile>
    <ClCompile Include="Reflection\ReflectionMember.cpp">
      <Filter>Reflection</Filter>
    </ClCompile>
    <ClCompile Include="Reflection\Types\ReflectionEnumType.cpp">
      <Filter>Reflection\Types</Filter>
    </ClCompile>
    <ClCompile Include="Utils\StringUtils.cpp">
      <Filter>Utils</Filter>
    </ClCompile>
    <ClCompile Include="nfCommon.cpp" />
    <ClCompile Include="Logger\LoggerBackend.cpp">
      <Filter>Logger</Filter>
    </ClCompile>
    <ClCompile Include="Logger\LoggerImpl.cpp">
      <Filter>Logger</Filter>
    </ClCompile>
    <ClCompile Include="Math\SamplingHelpers.cpp">
      <Filter>Math</Filter>
    </ClCompile>
    <ClCompile Include="Math\Transcendental.cpp">
      <Filter>Math</Filter>
    </ClCompile>
    <ClCompile Include="Math\Transform.cpp">
      <Filter>Math</Filter>
    </ClCompile>
    <ClCompile Include="Math\Utils.cpp">
      <Filter>Math</Filter>
    </ClCompile>
    <ClCompile Include="Math\Conversions.cpp">
      <Filter>Math</Filter>
    </ClCompile>
    <ClCompile Include="Math\Distribution.cpp">
      <Filter>Math</Filter>
    </ClCompile>
    <ClCompile Include="Math\EquationSolver.cpp">
      <Filter>Math</Filter>
    </ClCompile>
    <ClCompile Include="Math\Frustum.cpp">
      <Filter>Math</Filter>
    </ClCompile>
    <ClCompile Include="Math\Geometry.cpp">
      <Filter>Math</Filter>
    </ClCompile>
    <ClCompile Include="Math\Math.cpp">
      <Filter>Math</Filter>
    </ClCompile>
    <ClCompile Include="Math\Matrix2.cpp">
      <Filter>Math</Filter>
    </ClCompile>
    <ClCompile Include="Math\Matrix3.cpp">
      <Filter>Math</Filter>
    </ClCompile>
    <ClCompile Include="Math\Matrix4.cpp">
      <Filter>Math</Filter>
    </ClCompile>
    <ClCompile Include="Math\Quaternion.cpp">
      <Filter>Math</Filter>
    </ClCompile>
    <ClCompile Include="Math\Random.cpp">
      <Filter>Math</Filter>
    </ClCompile>
    <ClCompile Include="Utils\Entropy.cpp">
      <Filter>Utils</Filter>
    </ClCompile>
    <ClCompile Include="Math\Packed.cpp">
      <Filter>Math</Filter>
    </ClCompile>
    <ClCompile Include="Utils\TaskBuilder.cpp" />
    <ClCompile Include="Utils\Waitable.cpp" />
    <ClCompile Include="Math\Vec4f.cpp">
      <Filter>Math</Filter>
    </ClCompile>
    <ClCompile Include="Reflection\Types\ReflectionDynArrayType.cpp">
      <Filter>Reflection\Types</Filter>
    </ClCompile>
    <ClCompile Include="Reflection\Types\ReflectionNativeArrayType.cpp">
      <Filter>Reflection\Types</Filter>
    </ClCompile>
    <ClCompile Include="Reflection\Types\ReflectionPointerType.cpp">
      <Filter>Reflection\Types</Filter>
    </ClCompile>
    <ClCompile Include="Reflection\ReflectionMemberMetadataBuilder.cpp">
      <Filter>Reflection</Filter>
    </ClCompile>
    <ClCompile Include="Reflection\Object.cpp">
      <Filter>Reflection</Filter>
    </ClCompile>
    <ClCompile Include="Math\HdrColor.cpp">
      <Filter>Math</Filter>
    </ClCompile>
    <ClCompile Include="Math\HilbertCurve.cpp">
      <Filter>Math</Filter>
    </ClCompile>
    <ClCompile Include="Math\LdrColor.cpp">
      <Filter>Math</Filter>
    </ClCompile>
    <ClCompile Include="Math\MathTypes.cpp">
      <Filter>Math</Filter>
    </ClCompile>
    <ClCompile Include="Reflection\SerializationContext.cpp">
      <Filter>Reflection</Filter>
    </ClCompile>
    <ClCompile Include="Utils\Stream\FileInputStream.cpp">
      <Filter>Utils\Stream</Filter>
    </ClCompile>
    <ClCompile Include="Utils\Stream\FileOutputStream.cpp">
      <Filter>Utils\Stream</Filter>
    </ClCompile>
    <ClCompile Include="Utils\Stream\InputStream.cpp">
      <Filter>Utils\Stream</Filter>
    </ClCompile>
    <ClCompile Include="Utils\CompressedInt.cpp">
      <Filter>Utils</Filter>
    </ClCompile>
    <ClCompile Include="Utils\Stream\OutputStream.cpp">
      <Filter>Utils\Stream</Filter>
    </ClCompile>
    <ClCompile Include="Utils\Stream\BufferInputStream.cpp">
      <Filter>Utils\Stream</Filter>
    </ClCompile>
    <ClCompile Include="Utils\Stream\BufferOutputStream.cpp">
      <Filter>Utils\Stream</Filter>
    </ClCompile>
    <ClCompile Include="Reflection\Types\ReflectionUniquePtrType.cpp">
      <Filter>Reflection\Types</Filter>
    </ClCompile>
    <ClCompile Include="Reflection\Types\ReflectionSharedPtrType.cpp">
      <Filter>Reflection\Types</Filter>
    </ClCompile>
    <ClCompile Include="Reflection\Types\ReflectionFundamentalType.cpp">
      <Filter>Reflection\Types</Filter>
    </ClCompile>
    <ClCompile Include="Containers\SharedPtrBase.cpp">
      <Filter>Containers</Filter>
    </ClCompile>
    <ClCompile Include="Containers\SharedPtrData.cpp">
      <Filter>Containers</Filter>
    </ClCompile>
    <ClCompile Include="Reflection\Serializer.cpp">
      <Filter>Reflection</Filter>
    </ClCompile>
    <ClCompile Include="Reflection\ReflectionVariant.cpp">
      <Filter>Reflection</Filter>
    </ClCompile>
    <ClCompile Include="Reflection\Types\ReflectionStaticArrayType.cpp">
      <Filter>Reflection\Types</Filter>
    </ClCompile>
    <ClCompile Include="Reflection\Types\ReflectionResizableArrayType.cpp">
      <Filter>Reflection\Types</Filter>
    </ClCompile>
  </ItemGroup>
  <ItemGroup>
    <Natvis Include="Math\Math.natvis">
      <Filter>Math</Filter>
    </Natvis>
  </ItemGroup>
</Project>